// !$*UTF8*$!
{
	archiveVersion = 1;
	classes = {
	};
	objectVersion = 48;
	objects = {

/* Begin PBXBuildFile section */
		1F01FD311FC30D7100BAA47E /* AppDelegate.swift in Sources */ = {isa = PBXBuildFile; fileRef = 1F01FD301FC30D7100BAA47E /* AppDelegate.swift */; };
		1F01FD381FC30D7100BAA47E /* Assets.xcassets in Resources */ = {isa = PBXBuildFile; fileRef = 1F01FD371FC30D7100BAA47E /* Assets.xcassets */; };
		1F1C43EA1FCDACC50084B65E /* AppVersion.swift in Sources */ = {isa = PBXBuildFile; fileRef = 1F1C43E71FCDACC50084B65E /* AppVersion.swift */; };
		1F1C43EB1FCDACC50084B65E /* HelpCoordinator.swift in Sources */ = {isa = PBXBuildFile; fileRef = 1F1C43E81FCDACC50084B65E /* HelpCoordinator.swift */; };
		1F1C43EC1FCDACC50084B65E /* UIColor.swift in Sources */ = {isa = PBXBuildFile; fileRef = 1F1C43E91FCDACC50084B65E /* UIColor.swift */; };
		1F1C43F21FCDAD000084B65E /* PDFNoResultsViewController.xib in Resources */ = {isa = PBXBuildFile; fileRef = 1F1C43ED1FCDAD000084B65E /* PDFNoResultsViewController.xib */; };
		1F1C43F31FCDAD000084B65E /* PDFNoResultsViewController.swift in Sources */ = {isa = PBXBuildFile; fileRef = 1F1C43EE1FCDAD000084B65E /* PDFNoResultsViewController.swift */; };
		1F1C43F41FCDAD000084B65E /* HelpViewController.swift in Sources */ = {isa = PBXBuildFile; fileRef = 1F1C43EF1FCDAD000084B65E /* HelpViewController.swift */; };
		1F1C43F51FCDAD000084B65E /* WebViewController.swift in Sources */ = {isa = PBXBuildFile; fileRef = 1F1C43F01FCDAD000084B65E /* WebViewController.swift */; };
		1F1C43F61FCDAD000084B65E /* HelpViewController.xib in Resources */ = {isa = PBXBuildFile; fileRef = 1F1C43F11FCDAD000084B65E /* HelpViewController.xib */; };
		1F1C43FB1FCDB0060084B65E /* ContainerNavigationController.swift in Sources */ = {isa = PBXBuildFile; fileRef = 1F1C43F71FCDB0050084B65E /* ContainerNavigationController.swift */; };
		1F1C43FC1FCDB0060084B65E /* HelpTransitionAnimator.swift in Sources */ = {isa = PBXBuildFile; fileRef = 1F1C43F81FCDB0050084B65E /* HelpTransitionAnimator.swift */; };
		1F1C43FD1FCDB0060084B65E /* ScreenAPICoordinator.swift in Sources */ = {isa = PBXBuildFile; fileRef = 1F1C43F91FCDB0050084B65E /* ScreenAPICoordinator.swift */; };
		1F1C43FE1FCDB0060084B65E /* UIApplication.swift in Sources */ = {isa = PBXBuildFile; fileRef = 1F1C43FA1FCDB0050084B65E /* UIApplication.swift */; };
		1F1C44041FCDB09B0084B65E /* PDFNoResultsViewControllerTests.swift in Sources */ = {isa = PBXBuildFile; fileRef = 1F1C43FF1FCDB09A0084B65E /* PDFNoResultsViewControllerTests.swift */; };
		1F1C44051FCDB09B0084B65E /* ScreenAPICoordinatorTests.swift in Sources */ = {isa = PBXBuildFile; fileRef = 1F1C44001FCDB09A0084B65E /* ScreenAPICoordinatorTests.swift */; };
		1F1C44061FCDB09B0084B65E /* HelpCoordinatorTests.swift in Sources */ = {isa = PBXBuildFile; fileRef = 1F1C44011FCDB09A0084B65E /* HelpCoordinatorTests.swift */; };
		1F1C44071FCDB09B0084B65E /* HelpViewControllerTests.swift in Sources */ = {isa = PBXBuildFile; fileRef = 1F1C44021FCDB09B0084B65E /* HelpViewControllerTests.swift */; };
		1F1C44081FCDB09B0084B65E /* WebViewControllerTests.swift in Sources */ = {isa = PBXBuildFile; fileRef = 1F1C44031FCDB09B0084B65E /* WebViewControllerTests.swift */; };
		1F1C440A1FCDB0AB0084B65E /* invoice.jpg in Resources */ = {isa = PBXBuildFile; fileRef = 1F1C44091FCDB0AA0084B65E /* invoice.jpg */; };
		1F1C44131FCDB1A40084B65E /* Localizable.strings in Resources */ = {isa = PBXBuildFile; fileRef = 1F1C44111FCDB1A40084B65E /* Localizable.strings */; };
		1F21C4121FCEB84B00A67265 /* TestUtils.swift in Sources */ = {isa = PBXBuildFile; fileRef = 1F21C4111FCEB84B00A67265 /* TestUtils.swift */; };
		1F21C4141FCEF4FC00A67265 /* UINavigationController.swift in Sources */ = {isa = PBXBuildFile; fileRef = 1F21C4131FCEF4FC00A67265 /* UINavigationController.swift */; };
		1F21C4161FCF111700A67265 /* Keys.plist in Resources */ = {isa = PBXBuildFile; fileRef = 1F21C4151FCF111700A67265 /* Keys.plist */; };
		1F286D4E1FC338EC001C0DEF /* MainViewController.swift in Sources */ = {isa = PBXBuildFile; fileRef = 1F286D4C1FC338EC001C0DEF /* MainViewController.swift */; };
		1F286D4F1FC338EC001C0DEF /* MainViewController.xib in Resources */ = {isa = PBXBuildFile; fileRef = 1F286D4D1FC338EC001C0DEF /* MainViewController.xib */; };
		1F286D531FC418F6001C0DEF /* Coordinator.swift in Sources */ = {isa = PBXBuildFile; fileRef = 1F286D521FC418F6001C0DEF /* Coordinator.swift */; };
		1F286D551FC4193A001C0DEF /* AppCoordinator.swift in Sources */ = {isa = PBXBuildFile; fileRef = 1F286D541FC4193A001C0DEF /* AppCoordinator.swift */; };
		1F286D641FC45C6A001C0DEF /* LaunchScreen.xib in Resources */ = {isa = PBXBuildFile; fileRef = 1F286D631FC45C6A001C0DEF /* LaunchScreen.xib */; };
		1F286DA01FC56F17001C0DEF /* AppCoordinatorTests.swift in Sources */ = {isa = PBXBuildFile; fileRef = 1F286D571FC419C1001C0DEF /* AppCoordinatorTests.swift */; };
		1F286DA11FC56F17001C0DEF /* MainViewControllerTests.swift in Sources */ = {isa = PBXBuildFile; fileRef = 1F286D671FC46470001C0DEF /* MainViewControllerTests.swift */; };
		1F70B96E1FC6F56700930F35 /* ResultsViewModel.swift in Sources */ = {isa = PBXBuildFile; fileRef = 1F70B96D1FC6F56700930F35 /* ResultsViewModel.swift */; };
		1F70B9701FC6F59E00930F35 /* DocumentService.swift in Sources */ = {isa = PBXBuildFile; fileRef = 1F70B96F1FC6F59E00930F35 /* DocumentService.swift */; };
		1F70B9721FC6F78A00930F35 /* ResultsViewModelTests.swift in Sources */ = {isa = PBXBuildFile; fileRef = 1F70B9711FC6F78A00930F35 /* ResultsViewModelTests.swift */; };
		1F70B9741FC6F95500930F35 /* ResultsViewModelMock.swift in Sources */ = {isa = PBXBuildFile; fileRef = 1F70B9731FC6F95500930F35 /* ResultsViewModelMock.swift */; };
		1F70B9761FC7028400930F35 /* DocumentServiceMock.swift in Sources */ = {isa = PBXBuildFile; fileRef = 1F70B9751FC7028400930F35 /* DocumentServiceMock.swift */; };
		1F70B9781FC81E7200930F35 /* Extraction.swift in Sources */ = {isa = PBXBuildFile; fileRef = 1F70B9771FC81E7200930F35 /* Extraction.swift */; };
		1F70B97A1FC81EB500930F35 /* ExtractionTests.swift in Sources */ = {isa = PBXBuildFile; fileRef = 1F70B9791FC81EB500930F35 /* ExtractionTests.swift */; };
		1F9D11A31FC6B5E200BCE7E9 /* ResultsViewController.swift in Sources */ = {isa = PBXBuildFile; fileRef = 1F9D11A11FC6B5E200BCE7E9 /* ResultsViewController.swift */; };
		1F9D11A41FC6B5E200BCE7E9 /* ResultsViewController.xib in Resources */ = {isa = PBXBuildFile; fileRef = 1F9D11A21FC6B5E200BCE7E9 /* ResultsViewController.xib */; };
		1F9D11A61FC6B7BD00BCE7E9 /* ResultsViewControllerTests.swift in Sources */ = {isa = PBXBuildFile; fileRef = 1F9D11A51FC6B7BD00BCE7E9 /* ResultsViewControllerTests.swift */; };
		1F9D11A81FC6BC6400BCE7E9 /* ResultsTableViewCell.swift in Sources */ = {isa = PBXBuildFile; fileRef = 1F9D11A71FC6BC6400BCE7E9 /* ResultsTableViewCell.swift */; };
		1F9D11AC1FC6CF8D00BCE7E9 /* ResultsTableViewCell.xib in Resources */ = {isa = PBXBuildFile; fileRef = 1F9D11AB1FC6CF8D00BCE7E9 /* ResultsTableViewCell.xib */; };
		B7B798E90187F31CAF3CB650 /* Pods_GiniVisionExampleUnitTests.framework in Frameworks */ = {isa = PBXBuildFile; fileRef = 452977AB14530135F9F0ECB5 /* Pods_GiniVisionExampleUnitTests.framework */; };
		FF91F54FC69C20C45CB339B7 /* Pods_GiniVisionExample.framework in Frameworks */ = {isa = PBXBuildFile; fileRef = B5B9397ECC95BE4E5FFB207E /* Pods_GiniVisionExample.framework */; };
/* End PBXBuildFile section */

/* Begin PBXContainerItemProxy section */
		1F286D9B1FC56F11001C0DEF /* PBXContainerItemProxy */ = {
			isa = PBXContainerItemProxy;
			containerPortal = 1F01FD251FC30D7100BAA47E /* Project object */;
			proxyType = 1;
			remoteGlobalIDString = 1F01FD2C1FC30D7100BAA47E;
			remoteInfo = GiniVisionExample;
		};
/* End PBXContainerItemProxy section */

/* Begin PBXFileReference section */
		095C88E7E49ACB978E51DA3A /* Pods_GiniVisionExampleTests.framework */ = {isa = PBXFileReference; explicitFileType = wrapper.framework; includeInIndex = 0; path = Pods_GiniVisionExampleTests.framework; sourceTree = BUILT_PRODUCTS_DIR; };
		0DFF35B0BC5D4D3D427DDD4C /* Pods-GiniVisionExampleTests.debug.xcconfig */ = {isa = PBXFileReference; includeInIndex = 1; lastKnownFileType = text.xcconfig; name = "Pods-GiniVisionExampleTests.debug.xcconfig"; path = "Pods/Target Support Files/Pods-GiniVisionExampleTests/Pods-GiniVisionExampleTests.debug.xcconfig"; sourceTree = "<group>"; };
		1640047E56F7420DB48CE9AC /* Pods-GiniVisionExampleUnitTests.release.xcconfig */ = {isa = PBXFileReference; includeInIndex = 1; lastKnownFileType = text.xcconfig; name = "Pods-GiniVisionExampleUnitTests.release.xcconfig"; path = "Pods/Target Support Files/Pods-GiniVisionExampleUnitTests/Pods-GiniVisionExampleUnitTests.release.xcconfig"; sourceTree = "<group>"; };
		1F01FD2D1FC30D7100BAA47E /* GiniVisionExample.app */ = {isa = PBXFileReference; explicitFileType = wrapper.application; includeInIndex = 0; path = GiniVisionExample.app; sourceTree = BUILT_PRODUCTS_DIR; };
		1F01FD301FC30D7100BAA47E /* AppDelegate.swift */ = {isa = PBXFileReference; lastKnownFileType = sourcecode.swift; path = AppDelegate.swift; sourceTree = "<group>"; };
		1F01FD371FC30D7100BAA47E /* Assets.xcassets */ = {isa = PBXFileReference; lastKnownFileType = folder.assetcatalog; path = Assets.xcassets; sourceTree = "<group>"; };
		1F01FD3C1FC30D7100BAA47E /* Info.plist */ = {isa = PBXFileReference; lastKnownFileType = text.plist.xml; path = Info.plist; sourceTree = "<group>"; };
		1F1C43E71FCDACC50084B65E /* AppVersion.swift */ = {isa = PBXFileReference; fileEncoding = 4; lastKnownFileType = sourcecode.swift; path = AppVersion.swift; sourceTree = "<group>"; };
		1F1C43E81FCDACC50084B65E /* HelpCoordinator.swift */ = {isa = PBXFileReference; fileEncoding = 4; lastKnownFileType = sourcecode.swift; path = HelpCoordinator.swift; sourceTree = "<group>"; };
		1F1C43E91FCDACC50084B65E /* UIColor.swift */ = {isa = PBXFileReference; fileEncoding = 4; lastKnownFileType = sourcecode.swift; path = UIColor.swift; sourceTree = "<group>"; };
		1F1C43ED1FCDAD000084B65E /* PDFNoResultsViewController.xib */ = {isa = PBXFileReference; fileEncoding = 4; lastKnownFileType = file.xib; name = PDFNoResultsViewController.xib; path = ViewControllers/PDFNoResultsViewController.xib; sourceTree = "<group>"; };
		1F1C43EE1FCDAD000084B65E /* PDFNoResultsViewController.swift */ = {isa = PBXFileReference; fileEncoding = 4; lastKnownFileType = sourcecode.swift; name = PDFNoResultsViewController.swift; path = ViewControllers/PDFNoResultsViewController.swift; sourceTree = "<group>"; };
		1F1C43EF1FCDAD000084B65E /* HelpViewController.swift */ = {isa = PBXFileReference; fileEncoding = 4; lastKnownFileType = sourcecode.swift; name = HelpViewController.swift; path = ViewControllers/HelpViewController.swift; sourceTree = "<group>"; };
		1F1C43F01FCDAD000084B65E /* WebViewController.swift */ = {isa = PBXFileReference; fileEncoding = 4; lastKnownFileType = sourcecode.swift; name = WebViewController.swift; path = ViewControllers/WebViewController.swift; sourceTree = "<group>"; };
		1F1C43F11FCDAD000084B65E /* HelpViewController.xib */ = {isa = PBXFileReference; fileEncoding = 4; lastKnownFileType = file.xib; name = HelpViewController.xib; path = ViewControllers/HelpViewController.xib; sourceTree = "<group>"; };
		1F1C43F71FCDB0050084B65E /* ContainerNavigationController.swift */ = {isa = PBXFileReference; fileEncoding = 4; lastKnownFileType = sourcecode.swift; path = ContainerNavigationController.swift; sourceTree = "<group>"; };
		1F1C43F81FCDB0050084B65E /* HelpTransitionAnimator.swift */ = {isa = PBXFileReference; fileEncoding = 4; lastKnownFileType = sourcecode.swift; path = HelpTransitionAnimator.swift; sourceTree = "<group>"; };
		1F1C43F91FCDB0050084B65E /* ScreenAPICoordinator.swift */ = {isa = PBXFileReference; fileEncoding = 4; lastKnownFileType = sourcecode.swift; path = ScreenAPICoordinator.swift; sourceTree = "<group>"; };
		1F1C43FA1FCDB0050084B65E /* UIApplication.swift */ = {isa = PBXFileReference; fileEncoding = 4; lastKnownFileType = sourcecode.swift; path = UIApplication.swift; sourceTree = "<group>"; };
		1F1C43FF1FCDB09A0084B65E /* PDFNoResultsViewControllerTests.swift */ = {isa = PBXFileReference; fileEncoding = 4; lastKnownFileType = sourcecode.swift; path = PDFNoResultsViewControllerTests.swift; sourceTree = "<group>"; };
		1F1C44001FCDB09A0084B65E /* ScreenAPICoordinatorTests.swift */ = {isa = PBXFileReference; fileEncoding = 4; lastKnownFileType = sourcecode.swift; path = ScreenAPICoordinatorTests.swift; sourceTree = "<group>"; };
		1F1C44011FCDB09A0084B65E /* HelpCoordinatorTests.swift */ = {isa = PBXFileReference; fileEncoding = 4; lastKnownFileType = sourcecode.swift; path = HelpCoordinatorTests.swift; sourceTree = "<group>"; };
		1F1C44021FCDB09B0084B65E /* HelpViewControllerTests.swift */ = {isa = PBXFileReference; fileEncoding = 4; lastKnownFileType = sourcecode.swift; path = HelpViewControllerTests.swift; sourceTree = "<group>"; };
		1F1C44031FCDB09B0084B65E /* WebViewControllerTests.swift */ = {isa = PBXFileReference; fileEncoding = 4; lastKnownFileType = sourcecode.swift; path = WebViewControllerTests.swift; sourceTree = "<group>"; };
		1F1C44091FCDB0AA0084B65E /* invoice.jpg */ = {isa = PBXFileReference; lastKnownFileType = image.jpeg; name = invoice.jpg; path = GiniVisionExampleUnitTests/invoice.jpg; sourceTree = SOURCE_ROOT; };
		1F1C44121FCDB1A40084B65E /* de */ = {isa = PBXFileReference; lastKnownFileType = text.plist.strings; name = de; path = Extensions/de.lproj/Localizable.strings; sourceTree = "<group>"; };
		1F1C44141FCDB1AB0084B65E /* en */ = {isa = PBXFileReference; lastKnownFileType = text.plist.strings; name = en; path = Extensions/en.lproj/Localizable.strings; sourceTree = "<group>"; };
		1F1C44151FCDB1B10084B65E /* es */ = {isa = PBXFileReference; lastKnownFileType = text.plist.strings; name = es; path = Extensions/es.lproj/Localizable.strings; sourceTree = "<group>"; };
		1F21C4111FCEB84B00A67265 /* TestUtils.swift */ = {isa = PBXFileReference; lastKnownFileType = sourcecode.swift; path = TestUtils.swift; sourceTree = "<group>"; };
		1F21C4131FCEF4FC00A67265 /* UINavigationController.swift */ = {isa = PBXFileReference; lastKnownFileType = sourcecode.swift; path = UINavigationController.swift; sourceTree = "<group>"; };
		1F21C4151FCF111700A67265 /* Keys.plist */ = {isa = PBXFileReference; lastKnownFileType = text.plist.xml; path = Keys.plist; sourceTree = "<group>"; };
		1F286D4B1FC32BD8001C0DEF /* GiniVisionExample.entitlements */ = {isa = PBXFileReference; fileEncoding = 4; lastKnownFileType = text.plist.entitlements; path = GiniVisionExample.entitlements; sourceTree = "<group>"; };
		1F286D4C1FC338EC001C0DEF /* MainViewController.swift */ = {isa = PBXFileReference; lastKnownFileType = sourcecode.swift; name = MainViewController.swift; path = ViewControllers/MainViewController.swift; sourceTree = "<group>"; };
		1F286D4D1FC338EC001C0DEF /* MainViewController.xib */ = {isa = PBXFileReference; lastKnownFileType = file.xib; name = MainViewController.xib; path = ViewControllers/MainViewController.xib; sourceTree = "<group>"; };
		1F286D521FC418F6001C0DEF /* Coordinator.swift */ = {isa = PBXFileReference; lastKnownFileType = sourcecode.swift; path = Coordinator.swift; sourceTree = "<group>"; };
		1F286D541FC4193A001C0DEF /* AppCoordinator.swift */ = {isa = PBXFileReference; lastKnownFileType = sourcecode.swift; path = AppCoordinator.swift; sourceTree = "<group>"; };
		1F286D571FC419C1001C0DEF /* AppCoordinatorTests.swift */ = {isa = PBXFileReference; lastKnownFileType = sourcecode.swift; path = AppCoordinatorTests.swift; sourceTree = "<group>"; };
		1F286D631FC45C6A001C0DEF /* LaunchScreen.xib */ = {isa = PBXFileReference; lastKnownFileType = file.xib; path = LaunchScreen.xib; sourceTree = "<group>"; };
		1F286D671FC46470001C0DEF /* MainViewControllerTests.swift */ = {isa = PBXFileReference; fileEncoding = 4; lastKnownFileType = sourcecode.swift; path = MainViewControllerTests.swift; sourceTree = "<group>"; };
		1F286D961FC56F11001C0DEF /* GiniVisionExampleUnitTests.xctest */ = {isa = PBXFileReference; explicitFileType = wrapper.cfbundle; includeInIndex = 0; path = GiniVisionExampleUnitTests.xctest; sourceTree = BUILT_PRODUCTS_DIR; };
		1F286D9A1FC56F11001C0DEF /* Info.plist */ = {isa = PBXFileReference; lastKnownFileType = text.plist.xml; path = Info.plist; sourceTree = "<group>"; };
		1F70B96D1FC6F56700930F35 /* ResultsViewModel.swift */ = {isa = PBXFileReference; lastKnownFileType = sourcecode.swift; path = ResultsViewModel.swift; sourceTree = "<group>"; };
		1F70B96F1FC6F59E00930F35 /* DocumentService.swift */ = {isa = PBXFileReference; lastKnownFileType = sourcecode.swift; path = DocumentService.swift; sourceTree = "<group>"; };
		1F70B9711FC6F78A00930F35 /* ResultsViewModelTests.swift */ = {isa = PBXFileReference; lastKnownFileType = sourcecode.swift; path = ResultsViewModelTests.swift; sourceTree = "<group>"; };
		1F70B9731FC6F95500930F35 /* ResultsViewModelMock.swift */ = {isa = PBXFileReference; lastKnownFileType = sourcecode.swift; path = ResultsViewModelMock.swift; sourceTree = "<group>"; };
		1F70B9751FC7028400930F35 /* DocumentServiceMock.swift */ = {isa = PBXFileReference; lastKnownFileType = sourcecode.swift; path = DocumentServiceMock.swift; sourceTree = "<group>"; };
		1F70B9771FC81E7200930F35 /* Extraction.swift */ = {isa = PBXFileReference; lastKnownFileType = sourcecode.swift; path = Extraction.swift; sourceTree = "<group>"; };
		1F70B9791FC81EB500930F35 /* ExtractionTests.swift */ = {isa = PBXFileReference; lastKnownFileType = sourcecode.swift; path = ExtractionTests.swift; sourceTree = "<group>"; };
		1F9D11A11FC6B5E200BCE7E9 /* ResultsViewController.swift */ = {isa = PBXFileReference; lastKnownFileType = sourcecode.swift; path = ResultsViewController.swift; sourceTree = "<group>"; };
		1F9D11A21FC6B5E200BCE7E9 /* ResultsViewController.xib */ = {isa = PBXFileReference; lastKnownFileType = file.xib; path = ResultsViewController.xib; sourceTree = "<group>"; };
		1F9D11A51FC6B7BD00BCE7E9 /* ResultsViewControllerTests.swift */ = {isa = PBXFileReference; lastKnownFileType = sourcecode.swift; path = ResultsViewControllerTests.swift; sourceTree = "<group>"; };
		1F9D11A71FC6BC6400BCE7E9 /* ResultsTableViewCell.swift */ = {isa = PBXFileReference; lastKnownFileType = sourcecode.swift; path = ResultsTableViewCell.swift; sourceTree = "<group>"; };
		1F9D11AB1FC6CF8D00BCE7E9 /* ResultsTableViewCell.xib */ = {isa = PBXFileReference; lastKnownFileType = file.xib; path = ResultsTableViewCell.xib; sourceTree = "<group>"; };
		377A7A32ED4EB373A3DF1B66 /* Pods-GiniVisionExampleTests.release.xcconfig */ = {isa = PBXFileReference; includeInIndex = 1; lastKnownFileType = text.xcconfig; name = "Pods-GiniVisionExampleTests.release.xcconfig"; path = "Pods/Target Support Files/Pods-GiniVisionExampleTests/Pods-GiniVisionExampleTests.release.xcconfig"; sourceTree = "<group>"; };
		452977AB14530135F9F0ECB5 /* Pods_GiniVisionExampleUnitTests.framework */ = {isa = PBXFileReference; explicitFileType = wrapper.framework; includeInIndex = 0; path = Pods_GiniVisionExampleUnitTests.framework; sourceTree = BUILT_PRODUCTS_DIR; };
		90E4468C55A9686DC3CE9043 /* Pods-GiniVisionExample.release.xcconfig */ = {isa = PBXFileReference; includeInIndex = 1; lastKnownFileType = text.xcconfig; name = "Pods-GiniVisionExample.release.xcconfig"; path = "Pods/Target Support Files/Pods-GiniVisionExample/Pods-GiniVisionExample.release.xcconfig"; sourceTree = "<group>"; };
		B5B9397ECC95BE4E5FFB207E /* Pods_GiniVisionExample.framework */ = {isa = PBXFileReference; explicitFileType = wrapper.framework; includeInIndex = 0; path = Pods_GiniVisionExample.framework; sourceTree = BUILT_PRODUCTS_DIR; };
		E33E7A5B0412E19E3E843B3B /* Pods-GiniVisionExample.debug.xcconfig */ = {isa = PBXFileReference; includeInIndex = 1; lastKnownFileType = text.xcconfig; name = "Pods-GiniVisionExample.debug.xcconfig"; path = "Pods/Target Support Files/Pods-GiniVisionExample/Pods-GiniVisionExample.debug.xcconfig"; sourceTree = "<group>"; };
		E590AC288005124C1F903100 /* Pods-GiniVisionExampleUnitTests.debug.xcconfig */ = {isa = PBXFileReference; includeInIndex = 1; lastKnownFileType = text.xcconfig; name = "Pods-GiniVisionExampleUnitTests.debug.xcconfig"; path = "Pods/Target Support Files/Pods-GiniVisionExampleUnitTests/Pods-GiniVisionExampleUnitTests.debug.xcconfig"; sourceTree = "<group>"; };
/* End PBXFileReference section */

/* Begin PBXFrameworksBuildPhase section */
		1F01FD2A1FC30D7100BAA47E /* Frameworks */ = {
			isa = PBXFrameworksBuildPhase;
			buildActionMask = 2147483647;
			files = (
				FF91F54FC69C20C45CB339B7 /* Pods_GiniVisionExample.framework in Frameworks */,
			);
			runOnlyForDeploymentPostprocessing = 0;
		};
		1F286D931FC56F11001C0DEF /* Frameworks */ = {
			isa = PBXFrameworksBuildPhase;
			buildActionMask = 2147483647;
			files = (
				B7B798E90187F31CAF3CB650 /* Pods_GiniVisionExampleUnitTests.framework in Frameworks */,
			);
			runOnlyForDeploymentPostprocessing = 0;
		};
/* End PBXFrameworksBuildPhase section */

/* Begin PBXGroup section */
		1F01FD241FC30D7100BAA47E = {
			isa = PBXGroup;
			children = (
				1F01FD2F1FC30D7100BAA47E /* GiniVisionExample */,
				1F286D971FC56F11001C0DEF /* GiniVisionExampleUnitTests */,
				1F01FD2E1FC30D7100BAA47E /* Products */,
				384F1E919148AB1217972479 /* Pods */,
				6AE4C4082242EA353AB59A5E /* Frameworks */,
			);
			sourceTree = "<group>";
		};
		1F01FD2E1FC30D7100BAA47E /* Products */ = {
			isa = PBXGroup;
			children = (
				1F01FD2D1FC30D7100BAA47E /* GiniVisionExample.app */,
				1F286D961FC56F11001C0DEF /* GiniVisionExampleUnitTests.xctest */,
			);
			name = Products;
			sourceTree = "<group>";
		};
		1F01FD2F1FC30D7100BAA47E /* GiniVisionExample */ = {
			isa = PBXGroup;
			children = (
				1F286D541FC4193A001C0DEF /* AppCoordinator.swift */,
				1F01FD301FC30D7100BAA47E /* AppDelegate.swift */,
				1F1C43E71FCDACC50084B65E /* AppVersion.swift */,
				1F1C43F71FCDB0050084B65E /* ContainerNavigationController.swift */,
				1F286D521FC418F6001C0DEF /* Coordinator.swift */,
				1F70B96F1FC6F59E00930F35 /* DocumentService.swift */,
				1F70B9771FC81E7200930F35 /* Extraction.swift */,
				1F1C43E81FCDACC50084B65E /* HelpCoordinator.swift */,
				1F1C43F81FCDB0050084B65E /* HelpTransitionAnimator.swift */,
				1F1C43EF1FCDAD000084B65E /* HelpViewController.swift */,
				1F286D4C1FC338EC001C0DEF /* MainViewController.swift */,
				1F1C43EE1FCDAD000084B65E /* PDFNoResultsViewController.swift */,
				1F9D11A71FC6BC6400BCE7E9 /* ResultsTableViewCell.swift */,
				1F9D11A11FC6B5E200BCE7E9 /* ResultsViewController.swift */,
				1F70B96D1FC6F56700930F35 /* ResultsViewModel.swift */,
				1F1C43F91FCDB0050084B65E /* ScreenAPICoordinator.swift */,
				1F1C43FA1FCDB0050084B65E /* UIApplication.swift */,
				1F1C43E91FCDACC50084B65E /* UIColor.swift */,
				1F1C43F01FCDAD000084B65E /* WebViewController.swift */,
				1F1C43F11FCDAD000084B65E /* HelpViewController.xib */,
				1F286D631FC45C6A001C0DEF /* LaunchScreen.xib */,
				1F286D4D1FC338EC001C0DEF /* MainViewController.xib */,
				1F1C43ED1FCDAD000084B65E /* PDFNoResultsViewController.xib */,
				1F9D11AB1FC6CF8D00BCE7E9 /* ResultsTableViewCell.xib */,
				1F9D11A21FC6B5E200BCE7E9 /* ResultsViewController.xib */,
				1F286D661FC4644A001C0DEF /* Supporting files */,
				1F21C4131FCEF4FC00A67265 /* UINavigationController.swift */,
			);
			path = GiniVisionExample;
			sourceTree = "<group>";
		};
		1F286D661FC4644A001C0DEF /* Supporting files */ = {
			isa = PBXGroup;
			children = (
				1F1C44111FCDB1A40084B65E /* Localizable.strings */,
				1F286D4B1FC32BD8001C0DEF /* GiniVisionExample.entitlements */,
				1F01FD3C1FC30D7100BAA47E /* Info.plist */,
				1F01FD371FC30D7100BAA47E /* Assets.xcassets */,
				1F21C4151FCF111700A67265 /* Keys.plist */,
			);
			name = "Supporting files";
			sourceTree = "<group>";
		};
		1F286D971FC56F11001C0DEF /* GiniVisionExampleUnitTests */ = {
			isa = PBXGroup;
			children = (
				1F286D571FC419C1001C0DEF /* AppCoordinatorTests.swift */,
				1F70B9751FC7028400930F35 /* DocumentServiceMock.swift */,
				1F70B9791FC81EB500930F35 /* ExtractionTests.swift */,
				1F1C44011FCDB09A0084B65E /* HelpCoordinatorTests.swift */,
				1F1C44021FCDB09B0084B65E /* HelpViewControllerTests.swift */,
				1F286D671FC46470001C0DEF /* MainViewControllerTests.swift */,
				1F1C43FF1FCDB09A0084B65E /* PDFNoResultsViewControllerTests.swift */,
				1F9D11A51FC6B7BD00BCE7E9 /* ResultsViewControllerTests.swift */,
				1F70B9731FC6F95500930F35 /* ResultsViewModelMock.swift */,
				1F70B9711FC6F78A00930F35 /* ResultsViewModelTests.swift */,
				1F1C44001FCDB09A0084B65E /* ScreenAPICoordinatorTests.swift */,
				1F21C4111FCEB84B00A67265 /* TestUtils.swift */,
				1F1C44031FCDB09B0084B65E /* WebViewControllerTests.swift */,
				1F286DA31FC56F30001C0DEF /* Supporting files */,
			);
			path = GiniVisionExampleUnitTests;
			sourceTree = "<group>";
		};
		1F286DA31FC56F30001C0DEF /* Supporting files */ = {
			isa = PBXGroup;
			children = (
				1F1C44091FCDB0AA0084B65E /* invoice.jpg */,
				1F286D9A1FC56F11001C0DEF /* Info.plist */,
			);
			name = "Supporting files";
			sourceTree = "<group>";
		};
		384F1E919148AB1217972479 /* Pods */ = {
			isa = PBXGroup;
			children = (
				E33E7A5B0412E19E3E843B3B /* Pods-GiniVisionExample.debug.xcconfig */,
				90E4468C55A9686DC3CE9043 /* Pods-GiniVisionExample.release.xcconfig */,
				0DFF35B0BC5D4D3D427DDD4C /* Pods-GiniVisionExampleTests.debug.xcconfig */,
				377A7A32ED4EB373A3DF1B66 /* Pods-GiniVisionExampleTests.release.xcconfig */,
				E590AC288005124C1F903100 /* Pods-GiniVisionExampleUnitTests.debug.xcconfig */,
				1640047E56F7420DB48CE9AC /* Pods-GiniVisionExampleUnitTests.release.xcconfig */,
			);
			name = Pods;
			sourceTree = "<group>";
		};
		6AE4C4082242EA353AB59A5E /* Frameworks */ = {
			isa = PBXGroup;
			children = (
				B5B9397ECC95BE4E5FFB207E /* Pods_GiniVisionExample.framework */,
				095C88E7E49ACB978E51DA3A /* Pods_GiniVisionExampleTests.framework */,
				452977AB14530135F9F0ECB5 /* Pods_GiniVisionExampleUnitTests.framework */,
			);
			name = Frameworks;
			sourceTree = "<group>";
		};
/* End PBXGroup section */

/* Begin PBXNativeTarget section */
		1F01FD2C1FC30D7100BAA47E /* GiniVisionExample */ = {
			isa = PBXNativeTarget;
			buildConfigurationList = 1F01FD4A1FC30D7100BAA47E /* Build configuration list for PBXNativeTarget "GiniVisionExample" */;
			buildPhases = (
				CA1F97C4C83F3E6365BEC2C8 /* [CP] Check Pods Manifest.lock */,
				1F01FD291FC30D7100BAA47E /* Sources */,
				1F01FD2A1FC30D7100BAA47E /* Frameworks */,
				1F01FD2B1FC30D7100BAA47E /* Resources */,
				842A79022D81D6FEC44465A1 /* [CP] Embed Pods Frameworks */,
				F926DB149D3A8135C609985B /* [CP] Copy Pods Resources */,
				1F286D591FC42C5C001C0DEF /* ShellScript */,
			);
			buildRules = (
			);
			dependencies = (
			);
			name = GiniVisionExample;
			productName = GiniVisionExample;
			productReference = 1F01FD2D1FC30D7100BAA47E /* GiniVisionExample.app */;
			productType = "com.apple.product-type.application";
		};
		1F286D951FC56F11001C0DEF /* GiniVisionExampleUnitTests */ = {
			isa = PBXNativeTarget;
			buildConfigurationList = 1F286D9D1FC56F11001C0DEF /* Build configuration list for PBXNativeTarget "GiniVisionExampleUnitTests" */;
			buildPhases = (
				F93AC3B6268A163BC45F9DAE /* [CP] Check Pods Manifest.lock */,
				1F286D921FC56F11001C0DEF /* Sources */,
				1F286D931FC56F11001C0DEF /* Frameworks */,
				1F286D941FC56F11001C0DEF /* Resources */,
				39376F6D7CEA83BB4B4B84D9 /* [CP] Embed Pods Frameworks */,
				4C2F978FC05522CE801CEAC1 /* [CP] Copy Pods Resources */,
			);
			buildRules = (
			);
			dependencies = (
				1F286D9C1FC56F11001C0DEF /* PBXTargetDependency */,
			);
			name = GiniVisionExampleUnitTests;
			productName = GiniVisionExampleUnitTests;
			productReference = 1F286D961FC56F11001C0DEF /* GiniVisionExampleUnitTests.xctest */;
			productType = "com.apple.product-type.bundle.unit-test";
		};
/* End PBXNativeTarget section */

/* Begin PBXProject section */
		1F01FD251FC30D7100BAA47E /* Project object */ = {
			isa = PBXProject;
			attributes = {
				LastSwiftUpdateCheck = 0910;
				LastUpgradeCheck = 0910;
				ORGANIZATIONNAME = Gini;
				TargetAttributes = {
					1F01FD2C1FC30D7100BAA47E = {
						CreatedOnToolsVersion = 9.1;
						ProvisioningStyle = Automatic;
						SystemCapabilities = {
							com.apple.iCloud = {
								enabled = 1;
							};
						};
					};
					1F286D951FC56F11001C0DEF = {
						CreatedOnToolsVersion = 9.1;
						ProvisioningStyle = Automatic;
						TestTargetID = 1F01FD2C1FC30D7100BAA47E;
					};
				};
			};
			buildConfigurationList = 1F01FD281FC30D7100BAA47E /* Build configuration list for PBXProject "GiniVisionExample" */;
			compatibilityVersion = "Xcode 8.0";
			developmentRegion = en;
			hasScannedForEncodings = 0;
			knownRegions = (
				en,
				Base,
				de,
				es,
			);
			mainGroup = 1F01FD241FC30D7100BAA47E;
			productRefGroup = 1F01FD2E1FC30D7100BAA47E /* Products */;
			projectDirPath = "";
			projectRoot = "";
			targets = (
				1F01FD2C1FC30D7100BAA47E /* GiniVisionExample */,
				1F286D951FC56F11001C0DEF /* GiniVisionExampleUnitTests */,
			);
		};
/* End PBXProject section */

/* Begin PBXResourcesBuildPhase section */
		1F01FD2B1FC30D7100BAA47E /* Resources */ = {
			isa = PBXResourcesBuildPhase;
			buildActionMask = 2147483647;
			files = (
				1F286D641FC45C6A001C0DEF /* LaunchScreen.xib in Resources */,
				1F9D11AC1FC6CF8D00BCE7E9 /* ResultsTableViewCell.xib in Resources */,
				1F286D4F1FC338EC001C0DEF /* MainViewController.xib in Resources */,
				1F1C43F21FCDAD000084B65E /* PDFNoResultsViewController.xib in Resources */,
				1F01FD381FC30D7100BAA47E /* Assets.xcassets in Resources */,
				1F1C44131FCDB1A40084B65E /* Localizable.strings in Resources */,
				1F21C4161FCF111700A67265 /* Keys.plist in Resources */,
				1F1C43F61FCDAD000084B65E /* HelpViewController.xib in Resources */,
				1F9D11A41FC6B5E200BCE7E9 /* ResultsViewController.xib in Resources */,
			);
			runOnlyForDeploymentPostprocessing = 0;
		};
		1F286D941FC56F11001C0DEF /* Resources */ = {
			isa = PBXResourcesBuildPhase;
			buildActionMask = 2147483647;
			files = (
				1F1C440A1FCDB0AB0084B65E /* invoice.jpg in Resources */,
			);
			runOnlyForDeploymentPostprocessing = 0;
		};
/* End PBXResourcesBuildPhase section */

/* Begin PBXShellScriptBuildPhase section */
		1F286D591FC42C5C001C0DEF /* ShellScript */ = {
			isa = PBXShellScriptBuildPhase;
			buildActionMask = 2147483647;
			files = (
			);
			inputPaths = (
			);
			outputPaths = (
			);
			runOnlyForDeploymentPostprocessing = 0;
			shellPath = /bin/sh;
			shellScript = "if which swiftlint >/dev/null; then\nswiftlint\nelse\necho \"warning: SwiftLint not installed, download from https://github.com/realm/SwiftLint\"\nfi";
		};
		39376F6D7CEA83BB4B4B84D9 /* [CP] Embed Pods Frameworks */ = {
			isa = PBXShellScriptBuildPhase;
			buildActionMask = 2147483647;
			files = (
			);
			inputPaths = (
				"${SRCROOT}/Pods/Target Support Files/Pods-GiniVisionExampleUnitTests/Pods-GiniVisionExampleUnitTests-frameworks.sh",
				"${BUILT_PRODUCTS_DIR}/Bolts/Bolts.framework",
				"${BUILT_PRODUCTS_DIR}/Gini-iOS-SDK/Gini_iOS_SDK.framework",
				"${BUILT_PRODUCTS_DIR}/GiniVision/GiniVision.framework",
			);
			name = "[CP] Embed Pods Frameworks";
			outputPaths = (
				"${TARGET_BUILD_DIR}/${FRAMEWORKS_FOLDER_PATH}/Bolts.framework",
				"${TARGET_BUILD_DIR}/${FRAMEWORKS_FOLDER_PATH}/Gini_iOS_SDK.framework",
				"${TARGET_BUILD_DIR}/${FRAMEWORKS_FOLDER_PATH}/GiniVision.framework",
			);
			runOnlyForDeploymentPostprocessing = 0;
			shellPath = /bin/sh;
			shellScript = "\"${SRCROOT}/Pods/Target Support Files/Pods-GiniVisionExampleUnitTests/Pods-GiniVisionExampleUnitTests-frameworks.sh\"\n";
			showEnvVarsInLog = 0;
		};
		4C2F978FC05522CE801CEAC1 /* [CP] Copy Pods Resources */ = {
			isa = PBXShellScriptBuildPhase;
			buildActionMask = 2147483647;
			files = (
			);
			inputPaths = (
			);
			name = "[CP] Copy Pods Resources";
			outputPaths = (
			);
			runOnlyForDeploymentPostprocessing = 0;
			shellPath = /bin/sh;
			shellScript = "\"${SRCROOT}/Pods/Target Support Files/Pods-GiniVisionExampleUnitTests/Pods-GiniVisionExampleUnitTests-resources.sh\"\n";
			showEnvVarsInLog = 0;
		};
		842A79022D81D6FEC44465A1 /* [CP] Embed Pods Frameworks */ = {
			isa = PBXShellScriptBuildPhase;
			buildActionMask = 2147483647;
			files = (
			);
			inputPaths = (
				"${SRCROOT}/Pods/Target Support Files/Pods-GiniVisionExample/Pods-GiniVisionExample-frameworks.sh",
				"${BUILT_PRODUCTS_DIR}/Bolts/Bolts.framework",
				"${BUILT_PRODUCTS_DIR}/Gini-iOS-SDK/Gini_iOS_SDK.framework",
				"${BUILT_PRODUCTS_DIR}/GiniVision/GiniVision.framework",
			);
			name = "[CP] Embed Pods Frameworks";
			outputPaths = (
				"${TARGET_BUILD_DIR}/${FRAMEWORKS_FOLDER_PATH}/Bolts.framework",
				"${TARGET_BUILD_DIR}/${FRAMEWORKS_FOLDER_PATH}/Gini_iOS_SDK.framework",
				"${TARGET_BUILD_DIR}/${FRAMEWORKS_FOLDER_PATH}/GiniVision.framework",
			);
			runOnlyForDeploymentPostprocessing = 0;
			shellPath = /bin/sh;
			shellScript = "\"${SRCROOT}/Pods/Target Support Files/Pods-GiniVisionExample/Pods-GiniVisionExample-frameworks.sh\"\n";
			showEnvVarsInLog = 0;
		};
		CA1F97C4C83F3E6365BEC2C8 /* [CP] Check Pods Manifest.lock */ = {
			isa = PBXShellScriptBuildPhase;
			buildActionMask = 2147483647;
			files = (
			);
			inputPaths = (
				"${PODS_PODFILE_DIR_PATH}/Podfile.lock",
				"${PODS_ROOT}/Manifest.lock",
			);
			name = "[CP] Check Pods Manifest.lock";
			outputPaths = (
				"$(DERIVED_FILE_DIR)/Pods-GiniVisionExample-checkManifestLockResult.txt",
			);
			runOnlyForDeploymentPostprocessing = 0;
			shellPath = /bin/sh;
			shellScript = "diff \"${PODS_PODFILE_DIR_PATH}/Podfile.lock\" \"${PODS_ROOT}/Manifest.lock\" > /dev/null\nif [ $? != 0 ] ; then\n    # print error to STDERR\n    echo \"error: The sandbox is not in sync with the Podfile.lock. Run 'pod install' or update your CocoaPods installation.\" >&2\n    exit 1\nfi\n# This output is used by Xcode 'outputs' to avoid re-running this script phase.\necho \"SUCCESS\" > \"${SCRIPT_OUTPUT_FILE_0}\"\n";
			showEnvVarsInLog = 0;
		};
		F926DB149D3A8135C609985B /* [CP] Copy Pods Resources */ = {
			isa = PBXShellScriptBuildPhase;
			buildActionMask = 2147483647;
			files = (
			);
			inputPaths = (
			);
			name = "[CP] Copy Pods Resources";
			outputPaths = (
			);
			runOnlyForDeploymentPostprocessing = 0;
			shellPath = /bin/sh;
			shellScript = "\"${SRCROOT}/Pods/Target Support Files/Pods-GiniVisionExample/Pods-GiniVisionExample-resources.sh\"\n";
			showEnvVarsInLog = 0;
		};
		F93AC3B6268A163BC45F9DAE /* [CP] Check Pods Manifest.lock */ = {
			isa = PBXShellScriptBuildPhase;
			buildActionMask = 2147483647;
			files = (
			);
			inputPaths = (
				"${PODS_PODFILE_DIR_PATH}/Podfile.lock",
				"${PODS_ROOT}/Manifest.lock",
			);
			name = "[CP] Check Pods Manifest.lock";
			outputPaths = (
				"$(DERIVED_FILE_DIR)/Pods-GiniVisionExampleUnitTests-checkManifestLockResult.txt",
			);
			runOnlyForDeploymentPostprocessing = 0;
			shellPath = /bin/sh;
			shellScript = "diff \"${PODS_PODFILE_DIR_PATH}/Podfile.lock\" \"${PODS_ROOT}/Manifest.lock\" > /dev/null\nif [ $? != 0 ] ; then\n    # print error to STDERR\n    echo \"error: The sandbox is not in sync with the Podfile.lock. Run 'pod install' or update your CocoaPods installation.\" >&2\n    exit 1\nfi\n# This output is used by Xcode 'outputs' to avoid re-running this script phase.\necho \"SUCCESS\" > \"${SCRIPT_OUTPUT_FILE_0}\"\n";
			showEnvVarsInLog = 0;
		};
/* End PBXShellScriptBuildPhase section */

/* Begin PBXSourcesBuildPhase section */
		1F01FD291FC30D7100BAA47E /* Sources */ = {
			isa = PBXSourcesBuildPhase;
			buildActionMask = 2147483647;
			files = (
				1F70B9701FC6F59E00930F35 /* DocumentService.swift in Sources */,
				1F21C4141FCEF4FC00A67265 /* UINavigationController.swift in Sources */,
				1F1C43EC1FCDACC50084B65E /* UIColor.swift in Sources */,
				1F1C43F31FCDAD000084B65E /* PDFNoResultsViewController.swift in Sources */,
				1F1C43EB1FCDACC50084B65E /* HelpCoordinator.swift in Sources */,
				1F70B9781FC81E7200930F35 /* Extraction.swift in Sources */,
				1F1C43EA1FCDACC50084B65E /* AppVersion.swift in Sources */,
				1F286D551FC4193A001C0DEF /* AppCoordinator.swift in Sources */,
				1F1C43F41FCDAD000084B65E /* HelpViewController.swift in Sources */,
				1F1C43FE1FCDB0060084B65E /* UIApplication.swift in Sources */,
				1F70B96E1FC6F56700930F35 /* ResultsViewModel.swift in Sources */,
				1F1C43FC1FCDB0060084B65E /* HelpTransitionAnimator.swift in Sources */,
				1F01FD311FC30D7100BAA47E /* AppDelegate.swift in Sources */,
				1F286D4E1FC338EC001C0DEF /* MainViewController.swift in Sources */,
				1F9D11A31FC6B5E200BCE7E9 /* ResultsViewController.swift in Sources */,
				1F9D11A81FC6BC6400BCE7E9 /* ResultsTableViewCell.swift in Sources */,
				1F1C43FB1FCDB0060084B65E /* ContainerNavigationController.swift in Sources */,
				1F1C43FD1FCDB0060084B65E /* ScreenAPICoordinator.swift in Sources */,
				1F1C43F51FCDAD000084B65E /* WebViewController.swift in Sources */,
				1F286D531FC418F6001C0DEF /* Coordinator.swift in Sources */,
			);
			runOnlyForDeploymentPostprocessing = 0;
		};
		1F286D921FC56F11001C0DEF /* Sources */ = {
			isa = PBXSourcesBuildPhase;
			buildActionMask = 2147483647;
			files = (
				1F1C44071FCDB09B0084B65E /* HelpViewControllerTests.swift in Sources */,
				1F70B9741FC6F95500930F35 /* ResultsViewModelMock.swift in Sources */,
				1F21C4121FCEB84B00A67265 /* TestUtils.swift in Sources */,
				1F286DA01FC56F17001C0DEF /* AppCoordinatorTests.swift in Sources */,
				1F70B97A1FC81EB500930F35 /* ExtractionTests.swift in Sources */,
				1F1C44061FCDB09B0084B65E /* HelpCoordinatorTests.swift in Sources */,
				1F1C44041FCDB09B0084B65E /* PDFNoResultsViewControllerTests.swift in Sources */,
				1F286DA11FC56F17001C0DEF /* MainViewControllerTests.swift in Sources */,
				1F1C44081FCDB09B0084B65E /* WebViewControllerTests.swift in Sources */,
				1F1C44051FCDB09B0084B65E /* ScreenAPICoordinatorTests.swift in Sources */,
				1F9D11A61FC6B7BD00BCE7E9 /* ResultsViewControllerTests.swift in Sources */,
				1F70B9761FC7028400930F35 /* DocumentServiceMock.swift in Sources */,
				1F70B9721FC6F78A00930F35 /* ResultsViewModelTests.swift in Sources */,
			);
			runOnlyForDeploymentPostprocessing = 0;
		};
/* End PBXSourcesBuildPhase section */

/* Begin PBXTargetDependency section */
		1F286D9C1FC56F11001C0DEF /* PBXTargetDependency */ = {
			isa = PBXTargetDependency;
			target = 1F01FD2C1FC30D7100BAA47E /* GiniVisionExample */;
			targetProxy = 1F286D9B1FC56F11001C0DEF /* PBXContainerItemProxy */;
		};
/* End PBXTargetDependency section */

/* Begin PBXVariantGroup section */
		1F1C44111FCDB1A40084B65E /* Localizable.strings */ = {
			isa = PBXVariantGroup;
			children = (
				1F1C44121FCDB1A40084B65E /* de */,
				1F1C44141FCDB1AB0084B65E /* en */,
				1F1C44151FCDB1B10084B65E /* es */,
			);
			name = Localizable.strings;
			sourceTree = "<group>";
		};
/* End PBXVariantGroup section */

/* Begin XCBuildConfiguration section */
		1F01FD481FC30D7100BAA47E /* Debug */ = {
			isa = XCBuildConfiguration;
			buildSettings = {
				ALWAYS_SEARCH_USER_PATHS = NO;
				CLANG_ANALYZER_NONNULL = YES;
				CLANG_ANALYZER_NUMBER_OBJECT_CONVERSION = YES_AGGRESSIVE;
				CLANG_CXX_LANGUAGE_STANDARD = "gnu++14";
				CLANG_CXX_LIBRARY = "libc++";
				CLANG_ENABLE_MODULES = YES;
				CLANG_ENABLE_OBJC_ARC = YES;
				CLANG_WARN_BLOCK_CAPTURE_AUTORELEASING = YES;
				CLANG_WARN_BOOL_CONVERSION = YES;
				CLANG_WARN_COMMA = YES;
				CLANG_WARN_CONSTANT_CONVERSION = YES;
				CLANG_WARN_DIRECT_OBJC_ISA_USAGE = YES_ERROR;
				CLANG_WARN_DOCUMENTATION_COMMENTS = YES;
				CLANG_WARN_EMPTY_BODY = YES;
				CLANG_WARN_ENUM_CONVERSION = YES;
				CLANG_WARN_INFINITE_RECURSION = YES;
				CLANG_WARN_INT_CONVERSION = YES;
				CLANG_WARN_NON_LITERAL_NULL_CONVERSION = YES;
				CLANG_WARN_OBJC_LITERAL_CONVERSION = YES;
				CLANG_WARN_OBJC_ROOT_CLASS = YES_ERROR;
				CLANG_WARN_RANGE_LOOP_ANALYSIS = YES;
				CLANG_WARN_STRICT_PROTOTYPES = YES;
				CLANG_WARN_SUSPICIOUS_MOVE = YES;
				CLANG_WARN_UNGUARDED_AVAILABILITY = YES_AGGRESSIVE;
				CLANG_WARN_UNREACHABLE_CODE = YES;
				CLANG_WARN__DUPLICATE_METHOD_MATCH = YES;
				CODE_SIGN_IDENTITY = "iPhone Developer";
				COPY_PHASE_STRIP = NO;
				DEBUG_INFORMATION_FORMAT = dwarf;
				ENABLE_STRICT_OBJC_MSGSEND = YES;
				ENABLE_TESTABILITY = YES;
				GCC_C_LANGUAGE_STANDARD = gnu11;
				GCC_DYNAMIC_NO_PIC = NO;
				GCC_NO_COMMON_BLOCKS = YES;
				GCC_OPTIMIZATION_LEVEL = 0;
				GCC_PREPROCESSOR_DEFINITIONS = (
					"DEBUG=1",
					"$(inherited)",
				);
				GCC_WARN_64_TO_32_BIT_CONVERSION = YES;
				GCC_WARN_ABOUT_RETURN_TYPE = YES_ERROR;
				GCC_WARN_UNDECLARED_SELECTOR = YES;
				GCC_WARN_UNINITIALIZED_AUTOS = YES_AGGRESSIVE;
				GCC_WARN_UNUSED_FUNCTION = YES;
				GCC_WARN_UNUSED_VARIABLE = YES;
				IPHONEOS_DEPLOYMENT_TARGET = 11.1;
				MTL_ENABLE_DEBUG_INFO = YES;
				ONLY_ACTIVE_ARCH = YES;
				SDKROOT = iphoneos;
				SWIFT_ACTIVE_COMPILATION_CONDITIONS = DEBUG;
				SWIFT_OPTIMIZATION_LEVEL = "-Onone";
			};
			name = Debug;
		};
		1F01FD491FC30D7100BAA47E /* Release */ = {
			isa = XCBuildConfiguration;
			buildSettings = {
				ALWAYS_SEARCH_USER_PATHS = NO;
				CLANG_ANALYZER_NONNULL = YES;
				CLANG_ANALYZER_NUMBER_OBJECT_CONVERSION = YES_AGGRESSIVE;
				CLANG_CXX_LANGUAGE_STANDARD = "gnu++14";
				CLANG_CXX_LIBRARY = "libc++";
				CLANG_ENABLE_MODULES = YES;
				CLANG_ENABLE_OBJC_ARC = YES;
				CLANG_WARN_BLOCK_CAPTURE_AUTORELEASING = YES;
				CLANG_WARN_BOOL_CONVERSION = YES;
				CLANG_WARN_COMMA = YES;
				CLANG_WARN_CONSTANT_CONVERSION = YES;
				CLANG_WARN_DIRECT_OBJC_ISA_USAGE = YES_ERROR;
				CLANG_WARN_DOCUMENTATION_COMMENTS = YES;
				CLANG_WARN_EMPTY_BODY = YES;
				CLANG_WARN_ENUM_CONVERSION = YES;
				CLANG_WARN_INFINITE_RECURSION = YES;
				CLANG_WARN_INT_CONVERSION = YES;
				CLANG_WARN_NON_LITERAL_NULL_CONVERSION = YES;
				CLANG_WARN_OBJC_LITERAL_CONVERSION = YES;
				CLANG_WARN_OBJC_ROOT_CLASS = YES_ERROR;
				CLANG_WARN_RANGE_LOOP_ANALYSIS = YES;
				CLANG_WARN_STRICT_PROTOTYPES = YES;
				CLANG_WARN_SUSPICIOUS_MOVE = YES;
				CLANG_WARN_UNGUARDED_AVAILABILITY = YES_AGGRESSIVE;
				CLANG_WARN_UNREACHABLE_CODE = YES;
				CLANG_WARN__DUPLICATE_METHOD_MATCH = YES;
				CODE_SIGN_IDENTITY = "iPhone Developer";
				COPY_PHASE_STRIP = NO;
				DEBUG_INFORMATION_FORMAT = "dwarf-with-dsym";
				ENABLE_NS_ASSERTIONS = NO;
				ENABLE_STRICT_OBJC_MSGSEND = YES;
				GCC_C_LANGUAGE_STANDARD = gnu11;
				GCC_NO_COMMON_BLOCKS = YES;
				GCC_WARN_64_TO_32_BIT_CONVERSION = YES;
				GCC_WARN_ABOUT_RETURN_TYPE = YES_ERROR;
				GCC_WARN_UNDECLARED_SELECTOR = YES;
				GCC_WARN_UNINITIALIZED_AUTOS = YES_AGGRESSIVE;
				GCC_WARN_UNUSED_FUNCTION = YES;
				GCC_WARN_UNUSED_VARIABLE = YES;
				IPHONEOS_DEPLOYMENT_TARGET = 11.1;
				MTL_ENABLE_DEBUG_INFO = NO;
				SDKROOT = iphoneos;
				SWIFT_OPTIMIZATION_LEVEL = "-Owholemodule";
				VALIDATE_PRODUCT = YES;
			};
			name = Release;
		};
		1F01FD4B1FC30D7100BAA47E /* Debug */ = {
			isa = XCBuildConfiguration;
			baseConfigurationReference = E33E7A5B0412E19E3E843B3B /* Pods-GiniVisionExample.debug.xcconfig */;
			buildSettings = {
				ASSETCATALOG_COMPILER_APPICON_NAME = AppIcon;
				CODE_SIGN_ENTITLEMENTS = GiniVisionExample/GiniVisionExample.entitlements;
				CODE_SIGN_STYLE = Automatic;
				DEVELOPMENT_TEAM = BQY9KX4V88;
				INFOPLIST_FILE = GiniVisionExample/Info.plist;
				IPHONEOS_DEPLOYMENT_TARGET = 8.0;
				LD_RUNPATH_SEARCH_PATHS = "$(inherited) @executable_path/Frameworks";
				PRODUCT_BUNDLE_IDENTIFIER = net.gini.ios.vision.showcase;
				PRODUCT_NAME = "$(TARGET_NAME)";
				SWIFT_INSTALL_OBJC_HEADER = NO;
				SWIFT_PRECOMPILE_BRIDGING_HEADER = NO;
				SWIFT_VERSION = 3.0;
				TARGETED_DEVICE_FAMILY = "1,2";
			};
			name = Debug;
		};
		1F01FD4C1FC30D7100BAA47E /* Release */ = {
			isa = XCBuildConfiguration;
			baseConfigurationReference = 90E4468C55A9686DC3CE9043 /* Pods-GiniVisionExample.release.xcconfig */;
			buildSettings = {
				ASSETCATALOG_COMPILER_APPICON_NAME = AppIcon;
				CODE_SIGN_ENTITLEMENTS = GiniVisionExample/GiniVisionExample.entitlements;
				CODE_SIGN_STYLE = Automatic;
				DEVELOPMENT_TEAM = BQY9KX4V88;
				ENABLE_TESTABILITY = YES;
				INFOPLIST_FILE = GiniVisionExample/Info.plist;
				IPHONEOS_DEPLOYMENT_TARGET = 8.0;
				LD_RUNPATH_SEARCH_PATHS = "$(inherited) @executable_path/Frameworks";
				PRODUCT_BUNDLE_IDENTIFIER = net.gini.ios.vision.showcase;
				PRODUCT_NAME = "$(TARGET_NAME)";
				SWIFT_INSTALL_OBJC_HEADER = NO;
				SWIFT_PRECOMPILE_BRIDGING_HEADER = NO;
				SWIFT_VERSION = 3.0;
				TARGETED_DEVICE_FAMILY = "1,2";
			};
			name = Release;
		};
		1F286D9E1FC56F11001C0DEF /* Debug */ = {
			isa = XCBuildConfiguration;
			baseConfigurationReference = E590AC288005124C1F903100 /* Pods-GiniVisionExampleUnitTests.debug.xcconfig */;
			buildSettings = {
				BUNDLE_LOADER = "$(TEST_HOST)";
				CODE_SIGN_STYLE = Automatic;
				DEVELOPMENT_TEAM = BQY9KX4V88;
				INFOPLIST_FILE = GiniVisionExampleUnitTests/Info.plist;
				LD_RUNPATH_SEARCH_PATHS = "$(inherited) @executable_path/Frameworks @loader_path/Frameworks";
				PRODUCT_BUNDLE_IDENTIFIER = net.gini.ios.vision.showcase.GiniVisionExampleUnitTests;
				PRODUCT_NAME = "$(TARGET_NAME)";
				SWIFT_VERSION = 3.0;
				TARGETED_DEVICE_FAMILY = "1,2";
				TEST_HOST = "$(BUILT_PRODUCTS_DIR)/GiniVisionExample.app/GiniVisionExample";
			};
			name = Debug;
		};
		1F286D9F1FC56F11001C0DEF /* Release */ = {
			isa = XCBuildConfiguration;
			baseConfigurationReference = 1640047E56F7420DB48CE9AC /* Pods-GiniVisionExampleUnitTests.release.xcconfig */;
			buildSettings = {
				BUNDLE_LOADER = "$(TEST_HOST)";
				CODE_SIGN_STYLE = Automatic;
				DEVELOPMENT_TEAM = BQY9KX4V88;
				INFOPLIST_FILE = GiniVisionExampleUnitTests/Info.plist;
				LD_RUNPATH_SEARCH_PATHS = "$(inherited) @executable_path/Frameworks @loader_path/Frameworks";
				PRODUCT_BUNDLE_IDENTIFIER = net.gini.ios.vision.showcase.GiniVisionExampleUnitTests;
				PRODUCT_NAME = "$(TARGET_NAME)";
				SWIFT_VERSION = 3.0;
				TARGETED_DEVICE_FAMILY = "1,2";
				TEST_HOST = "$(BUILT_PRODUCTS_DIR)/GiniVisionExample.app/GiniVisionExample";
			};
			name = Release;
		};
/* End XCBuildConfiguration section */

/* Begin XCConfigurationList section */
		1F01FD281FC30D7100BAA47E /* Build configuration list for PBXProject "GiniVisionExample" */ = {
			isa = XCConfigurationList;
			buildConfigurations = (
				1F01FD481FC30D7100BAA47E /* Debug */,
				1F01FD491FC30D7100BAA47E /* Release */,
			);
			defaultConfigurationIsVisible = 0;
			defaultConfigurationName = Release;
		};
		1F01FD4A1FC30D7100BAA47E /* Build configuration list for PBXNativeTarget "GiniVisionExample" */ = {
			isa = XCConfigurationList;
			buildConfigurations = (
				1F01FD4B1FC30D7100BAA47E /* Debug */,
				1F01FD4C1FC30D7100BAA47E /* Release */,
			);
			defaultConfigurationIsVisible = 0;
			defaultConfigurationName = Release;
		};
		1F286D9D1FC56F11001C0DEF /* Build configuration list for PBXNativeTarget "GiniVisionExampleUnitTests" */ = {
			isa = XCConfigurationList;
			buildConfigurations = (
				1F286D9E1FC56F11001C0DEF /* Debug */,
				1F286D9F1FC56F11001C0DEF /* Release */,
			);
			defaultConfigurationIsVisible = 0;
			defaultConfigurationName = Release;
		};
/* End XCConfigurationList section */
	};
	rootObject = 1F01FD251FC30D7100BAA47E /* Project object */;
}
