// !$*UTF8*$!
{
	archiveVersion = 1;
	classes = {
	};
	objectVersion = 48;
	objects = {

/* Begin PBXBuildFile section */
		1F01FD381FC30D7100BAA47E /* Assets.xcassets in Resources */ = {isa = PBXBuildFile; fileRef = 1F01FD371FC30D7100BAA47E /* Assets.xcassets */; };
		1F1C44041FCDB09B0084B65E /* PDFNoResultsViewControllerTests.swift in Sources */ = {isa = PBXBuildFile; fileRef = 1F1C43FF1FCDB09A0084B65E /* PDFNoResultsViewControllerTests.swift */; };
		1F1C44061FCDB09B0084B65E /* HelpCoordinatorTests.swift in Sources */ = {isa = PBXBuildFile; fileRef = 1F1C44011FCDB09A0084B65E /* HelpCoordinatorTests.swift */; };
		1F1C44071FCDB09B0084B65E /* HelpViewControllerTests.swift in Sources */ = {isa = PBXBuildFile; fileRef = 1F1C44021FCDB09B0084B65E /* HelpViewControllerTests.swift */; };
		1F1C44081FCDB09B0084B65E /* WebViewControllerTests.swift in Sources */ = {isa = PBXBuildFile; fileRef = 1F1C44031FCDB09B0084B65E /* WebViewControllerTests.swift */; };
		1F1C440A1FCDB0AB0084B65E /* invoice.jpg in Resources */ = {isa = PBXBuildFile; fileRef = 1F1C44091FCDB0AA0084B65E /* invoice.jpg */; };
		1F1EBD5D225BA03A00C3B6EC /* DefaultDocumentAnalysisHelper.swift in Sources */ = {isa = PBXBuildFile; fileRef = 1F1EBD5C225BA03A00C3B6EC /* DefaultDocumentAnalysisHelper.swift */; };
		1F1EBD5F225BA04700C3B6EC /* AccountingDocumentAnalysisHelper.swift in Sources */ = {isa = PBXBuildFile; fileRef = 1F1EBD5E225BA04700C3B6EC /* AccountingDocumentAnalysisHelper.swift */; };
		1F1EBD61225BA05B00C3B6EC /* CredentialsHelper.swift in Sources */ = {isa = PBXBuildFile; fileRef = 1F1EBD60225BA05B00C3B6EC /* CredentialsHelper.swift */; };
		1F21C4121FCEB84B00A67265 /* TestUtils.swift in Sources */ = {isa = PBXBuildFile; fileRef = 1F21C4111FCEB84B00A67265 /* TestUtils.swift */; };
		1F21C4161FCF111700A67265 /* Keys.plist in Resources */ = {isa = PBXBuildFile; fileRef = 1F21C4151FCF111700A67265 /* Keys.plist */; };
		1F21C41F1FD03A8700A67265 /* ContainerNavigationController.swift in Sources */ = {isa = PBXBuildFile; fileRef = 1F21C41C1FD03A8700A67265 /* ContainerNavigationController.swift */; };
		1F21C4201FD03A8700A67265 /* RootNavigationController.swift in Sources */ = {isa = PBXBuildFile; fileRef = 1F21C41D1FD03A8700A67265 /* RootNavigationController.swift */; };
		1F21C4271FD03A8F00A67265 /* HelpCoordinator.swift in Sources */ = {isa = PBXBuildFile; fileRef = 1F21C4221FD03A8F00A67265 /* HelpCoordinator.swift */; };
		1F21C4281FD03A8F00A67265 /* WebViewController.swift in Sources */ = {isa = PBXBuildFile; fileRef = 1F21C4231FD03A8F00A67265 /* WebViewController.swift */; };
		1F21C4291FD03A8F00A67265 /* HelpViewController.xib in Resources */ = {isa = PBXBuildFile; fileRef = 1F21C4241FD03A8F00A67265 /* HelpViewController.xib */; };
		1F21C42A1FD03A8F00A67265 /* HelpViewController.swift in Sources */ = {isa = PBXBuildFile; fileRef = 1F21C4251FD03A8F00A67265 /* HelpViewController.swift */; };
		1F21C42B1FD03A8F00A67265 /* HelpTransitionAnimator.swift in Sources */ = {isa = PBXBuildFile; fileRef = 1F21C4261FD03A8F00A67265 /* HelpTransitionAnimator.swift */; };
		1F21C42E1FD03A9900A67265 /* MainViewController.swift in Sources */ = {isa = PBXBuildFile; fileRef = 1F21C42C1FD03A9900A67265 /* MainViewController.swift */; };
		1F21C42F1FD03A9900A67265 /* MainViewController.xib in Resources */ = {isa = PBXBuildFile; fileRef = 1F21C42D1FD03A9900A67265 /* MainViewController.xib */; };
		1F21C4321FD03AA200A67265 /* PDFNoResultsViewController.xib in Resources */ = {isa = PBXBuildFile; fileRef = 1F21C4301FD03AA200A67265 /* PDFNoResultsViewController.xib */; };
		1F21C4331FD03AA200A67265 /* PDFNoResultsViewController.swift in Sources */ = {isa = PBXBuildFile; fileRef = 1F21C4311FD03AA200A67265 /* PDFNoResultsViewController.swift */; };
		1F21C4391FD03AAB00A67265 /* ResultsViewController.swift in Sources */ = {isa = PBXBuildFile; fileRef = 1F21C4341FD03AAB00A67265 /* ResultsViewController.swift */; };
		1F21C43A1FD03AAB00A67265 /* ResultsViewController.xib in Resources */ = {isa = PBXBuildFile; fileRef = 1F21C4351FD03AAB00A67265 /* ResultsViewController.xib */; };
		1F21C43B1FD03AAB00A67265 /* ResultsViewModel.swift in Sources */ = {isa = PBXBuildFile; fileRef = 1F21C4361FD03AAB00A67265 /* ResultsViewModel.swift */; };
		1F21C43C1FD03AAB00A67265 /* ResultsTableViewCell.swift in Sources */ = {isa = PBXBuildFile; fileRef = 1F21C4371FD03AAB00A67265 /* ResultsTableViewCell.swift */; };
		1F21C43D1FD03AAB00A67265 /* ResultsTableViewCell.xib in Resources */ = {isa = PBXBuildFile; fileRef = 1F21C4381FD03AAB00A67265 /* ResultsTableViewCell.xib */; };
		1F21C4451FD03ACD00A67265 /* AppVersion.swift in Sources */ = {isa = PBXBuildFile; fileRef = 1F21C43F1FD03ACD00A67265 /* AppVersion.swift */; };
		1F21C4461FD03ACD00A67265 /* Coordinator.swift in Sources */ = {isa = PBXBuildFile; fileRef = 1F21C4401FD03ACD00A67265 /* Coordinator.swift */; };
		1F21C4481FD03ACD00A67265 /* DocumentAnalysisHelper.swift in Sources */ = {isa = PBXBuildFile; fileRef = 1F21C4421FD03ACD00A67265 /* DocumentAnalysisHelper.swift */; };
		1F21C4491FD03ACD00A67265 /* AppCoordinator.swift in Sources */ = {isa = PBXBuildFile; fileRef = 1F21C4431FD03ACD00A67265 /* AppCoordinator.swift */; };
		1F21C44A1FD03ACD00A67265 /* AppDelegate.swift in Sources */ = {isa = PBXBuildFile; fileRef = 1F21C4441FD03ACD00A67265 /* AppDelegate.swift */; };
		1F21C44C1FD03AE100A67265 /* LaunchScreen.xib in Resources */ = {isa = PBXBuildFile; fileRef = 1F21C44B1FD03AE100A67265 /* LaunchScreen.xib */; };
		1F21C44E1FD03AE800A67265 /* Extraction.swift in Sources */ = {isa = PBXBuildFile; fileRef = 1F21C44D1FD03AE800A67265 /* Extraction.swift */; };
		1F21C4521FD03AF400A67265 /* UIColor.swift in Sources */ = {isa = PBXBuildFile; fileRef = 1F21C44F1FD03AF300A67265 /* UIColor.swift */; };
		1F21C4531FD03AF400A67265 /* UINavigationController.swift in Sources */ = {isa = PBXBuildFile; fileRef = 1F21C4501FD03AF400A67265 /* UINavigationController.swift */; };
		1F21C4541FD03AF400A67265 /* UIApplication.swift in Sources */ = {isa = PBXBuildFile; fileRef = 1F21C4511FD03AF400A67265 /* UIApplication.swift */; };
		1F21C4571FD03B0F00A67265 /* Localizable.strings in Resources */ = {isa = PBXBuildFile; fileRef = 1F21C4551FD03B0F00A67265 /* Localizable.strings */; };
		1F286DA01FC56F17001C0DEF /* AppCoordinatorTests.swift in Sources */ = {isa = PBXBuildFile; fileRef = 1F286D571FC419C1001C0DEF /* AppCoordinatorTests.swift */; };
		1F286DA11FC56F17001C0DEF /* MainViewControllerTests.swift in Sources */ = {isa = PBXBuildFile; fileRef = 1F286D671FC46470001C0DEF /* MainViewControllerTests.swift */; };
		1F482B4120F4A3FF00EED5AE /* LaunchScreenTargeted.xib in Resources */ = {isa = PBXBuildFile; fileRef = 1F482B4020F4A3FF00EED5AE /* LaunchScreenTargeted.xib */; };
		1F482B4420F50CFA00EED5AE /* Theme.swift in Sources */ = {isa = PBXBuildFile; fileRef = 1F482B4320F50CFA00EED5AE /* Theme.swift */; };
		1F70B9761FC7028400930F35 /* DocumentServiceMock.swift in Sources */ = {isa = PBXBuildFile; fileRef = 1F70B9751FC7028400930F35 /* DocumentServiceMock.swift */; };
		1FB4003820E22EBD00DEB81D /* PartialDocument.swift in Sources */ = {isa = PBXBuildFile; fileRef = 1FB4003720E22EBD00DEB81D /* PartialDocument.swift */; };
		B7B798E90187F31CAF3CB650 /* Pods_GiniVisionExampleUnitTests.framework in Frameworks */ = {isa = PBXBuildFile; fileRef = 452977AB14530135F9F0ECB5 /* Pods_GiniVisionExampleUnitTests.framework */; };
		FF91F54FC69C20C45CB339B7 /* Pods_GiniVisionExample.framework in Frameworks */ = {isa = PBXBuildFile; fileRef = B5B9397ECC95BE4E5FFB207E /* Pods_GiniVisionExample.framework */; };
/* End PBXBuildFile section */

/* Begin PBXContainerItemProxy section */
		1F286D9B1FC56F11001C0DEF /* PBXContainerItemProxy */ = {
			isa = PBXContainerItemProxy;
			containerPortal = 1F01FD251FC30D7100BAA47E /* Project object */;
			proxyType = 1;
			remoteGlobalIDString = 1F01FD2C1FC30D7100BAA47E;
			remoteInfo = GiniVisionExample;
		};
/* End PBXContainerItemProxy section */

/* Begin PBXFileReference section */
		095C88E7E49ACB978E51DA3A /* Pods_GiniVisionExampleTests.framework */ = {isa = PBXFileReference; explicitFileType = wrapper.framework; includeInIndex = 0; path = Pods_GiniVisionExampleTests.framework; sourceTree = BUILT_PRODUCTS_DIR; };
		0DFF35B0BC5D4D3D427DDD4C /* Pods-GiniVisionExampleTests.debug.xcconfig */ = {isa = PBXFileReference; includeInIndex = 1; lastKnownFileType = text.xcconfig; name = "Pods-GiniVisionExampleTests.debug.xcconfig"; path = "Pods/Target Support Files/Pods-GiniVisionExampleTests/Pods-GiniVisionExampleTests.debug.xcconfig"; sourceTree = "<group>"; };
		1640047E56F7420DB48CE9AC /* Pods-GiniVisionExampleUnitTests.release.xcconfig */ = {isa = PBXFileReference; includeInIndex = 1; lastKnownFileType = text.xcconfig; name = "Pods-GiniVisionExampleUnitTests.release.xcconfig"; path = "Pods/Target Support Files/Pods-GiniVisionExampleUnitTests/Pods-GiniVisionExampleUnitTests.release.xcconfig"; sourceTree = "<group>"; };
		1D19B454AA99BE9EA268C879 /* Pods-GiniVisionExample.targeted.xcconfig */ = {isa = PBXFileReference; includeInIndex = 1; lastKnownFileType = text.xcconfig; name = "Pods-GiniVisionExample.targeted.xcconfig"; path = "Pods/Target Support Files/Pods-GiniVisionExample/Pods-GiniVisionExample.targeted.xcconfig"; sourceTree = "<group>"; };
		1F01FD2D1FC30D7100BAA47E /* GiniVisionExample.app */ = {isa = PBXFileReference; explicitFileType = wrapper.application; includeInIndex = 0; path = GiniVisionExample.app; sourceTree = BUILT_PRODUCTS_DIR; };
		1F01FD371FC30D7100BAA47E /* Assets.xcassets */ = {isa = PBXFileReference; lastKnownFileType = folder.assetcatalog; path = Assets.xcassets; sourceTree = "<group>"; };
		1F01FD3C1FC30D7100BAA47E /* Info.plist */ = {isa = PBXFileReference; lastKnownFileType = text.plist.xml; path = Info.plist; sourceTree = "<group>"; };
		1F1C43FF1FCDB09A0084B65E /* PDFNoResultsViewControllerTests.swift */ = {isa = PBXFileReference; fileEncoding = 4; lastKnownFileType = sourcecode.swift; path = PDFNoResultsViewControllerTests.swift; sourceTree = "<group>"; };
		1F1C44011FCDB09A0084B65E /* HelpCoordinatorTests.swift */ = {isa = PBXFileReference; fileEncoding = 4; lastKnownFileType = sourcecode.swift; path = HelpCoordinatorTests.swift; sourceTree = "<group>"; };
		1F1C44021FCDB09B0084B65E /* HelpViewControllerTests.swift */ = {isa = PBXFileReference; fileEncoding = 4; lastKnownFileType = sourcecode.swift; path = HelpViewControllerTests.swift; sourceTree = "<group>"; };
		1F1C44031FCDB09B0084B65E /* WebViewControllerTests.swift */ = {isa = PBXFileReference; fileEncoding = 4; lastKnownFileType = sourcecode.swift; path = WebViewControllerTests.swift; sourceTree = "<group>"; };
		1F1C44091FCDB0AA0084B65E /* invoice.jpg */ = {isa = PBXFileReference; lastKnownFileType = image.jpeg; name = invoice.jpg; path = GiniVisionExampleUnitTests/invoice.jpg; sourceTree = SOURCE_ROOT; };
		1F1EBD5C225BA03A00C3B6EC /* DefaultDocumentAnalysisHelper.swift */ = {isa = PBXFileReference; lastKnownFileType = sourcecode.swift; path = DefaultDocumentAnalysisHelper.swift; sourceTree = "<group>"; };
		1F1EBD5E225BA04700C3B6EC /* AccountingDocumentAnalysisHelper.swift */ = {isa = PBXFileReference; lastKnownFileType = sourcecode.swift; path = AccountingDocumentAnalysisHelper.swift; sourceTree = "<group>"; };
		1F1EBD60225BA05B00C3B6EC /* CredentialsHelper.swift */ = {isa = PBXFileReference; lastKnownFileType = sourcecode.swift; path = CredentialsHelper.swift; sourceTree = "<group>"; };
		1F21C4111FCEB84B00A67265 /* TestUtils.swift */ = {isa = PBXFileReference; lastKnownFileType = sourcecode.swift; path = TestUtils.swift; sourceTree = "<group>"; };
		1F21C4151FCF111700A67265 /* Keys.plist */ = {isa = PBXFileReference; lastKnownFileType = text.plist.xml; path = Keys.plist; sourceTree = "<group>"; };
		1F21C41C1FD03A8700A67265 /* ContainerNavigationController.swift */ = {isa = PBXFileReference; fileEncoding = 4; lastKnownFileType = sourcecode.swift; name = ContainerNavigationController.swift; path = Screens/ContainerNavigationController.swift; sourceTree = "<group>"; };
		1F21C41D1FD03A8700A67265 /* RootNavigationController.swift */ = {isa = PBXFileReference; fileEncoding = 4; lastKnownFileType = sourcecode.swift; name = RootNavigationController.swift; path = Screens/RootNavigationController.swift; sourceTree = "<group>"; };
		1F21C4221FD03A8F00A67265 /* HelpCoordinator.swift */ = {isa = PBXFileReference; fileEncoding = 4; lastKnownFileType = sourcecode.swift; name = HelpCoordinator.swift; path = Screens/Help/HelpCoordinator.swift; sourceTree = "<group>"; };
		1F21C4231FD03A8F00A67265 /* WebViewController.swift */ = {isa = PBXFileReference; fileEncoding = 4; lastKnownFileType = sourcecode.swift; name = WebViewController.swift; path = Screens/Help/WebViewController.swift; sourceTree = "<group>"; };
		1F21C4241FD03A8F00A67265 /* HelpViewController.xib */ = {isa = PBXFileReference; fileEncoding = 4; lastKnownFileType = file.xib; name = HelpViewController.xib; path = Screens/Help/HelpViewController.xib; sourceTree = "<group>"; };
		1F21C4251FD03A8F00A67265 /* HelpViewController.swift */ = {isa = PBXFileReference; fileEncoding = 4; lastKnownFileType = sourcecode.swift; name = HelpViewController.swift; path = Screens/Help/HelpViewController.swift; sourceTree = "<group>"; };
		1F21C4261FD03A8F00A67265 /* HelpTransitionAnimator.swift */ = {isa = PBXFileReference; fileEncoding = 4; lastKnownFileType = sourcecode.swift; name = HelpTransitionAnimator.swift; path = Screens/Help/HelpTransitionAnimator.swift; sourceTree = "<group>"; };
		1F21C42C1FD03A9900A67265 /* MainViewController.swift */ = {isa = PBXFileReference; fileEncoding = 4; lastKnownFileType = sourcecode.swift; name = MainViewController.swift; path = Screens/Main/MainViewController.swift; sourceTree = "<group>"; };
		1F21C42D1FD03A9900A67265 /* MainViewController.xib */ = {isa = PBXFileReference; fileEncoding = 4; lastKnownFileType = file.xib; name = MainViewController.xib; path = Screens/Main/MainViewController.xib; sourceTree = "<group>"; };
		1F21C4301FD03AA200A67265 /* PDFNoResultsViewController.xib */ = {isa = PBXFileReference; fileEncoding = 4; lastKnownFileType = file.xib; name = PDFNoResultsViewController.xib; path = "Screens/No results/PDFNoResultsViewController.xib"; sourceTree = "<group>"; };
		1F21C4311FD03AA200A67265 /* PDFNoResultsViewController.swift */ = {isa = PBXFileReference; fileEncoding = 4; lastKnownFileType = sourcecode.swift; name = PDFNoResultsViewController.swift; path = "Screens/No results/PDFNoResultsViewController.swift"; sourceTree = "<group>"; };
		1F21C4341FD03AAB00A67265 /* ResultsViewController.swift */ = {isa = PBXFileReference; fileEncoding = 4; lastKnownFileType = sourcecode.swift; name = ResultsViewController.swift; path = Screens/Results/ResultsViewController.swift; sourceTree = "<group>"; };
		1F21C4351FD03AAB00A67265 /* ResultsViewController.xib */ = {isa = PBXFileReference; fileEncoding = 4; lastKnownFileType = file.xib; name = ResultsViewController.xib; path = Screens/Results/ResultsViewController.xib; sourceTree = "<group>"; };
		1F21C4361FD03AAB00A67265 /* ResultsViewModel.swift */ = {isa = PBXFileReference; fileEncoding = 4; lastKnownFileType = sourcecode.swift; name = ResultsViewModel.swift; path = Screens/Results/ResultsViewModel.swift; sourceTree = "<group>"; };
		1F21C4371FD03AAB00A67265 /* ResultsTableViewCell.swift */ = {isa = PBXFileReference; fileEncoding = 4; lastKnownFileType = sourcecode.swift; name = ResultsTableViewCell.swift; path = Screens/Results/ResultsTableViewCell.swift; sourceTree = "<group>"; };
		1F21C4381FD03AAB00A67265 /* ResultsTableViewCell.xib */ = {isa = PBXFileReference; fileEncoding = 4; lastKnownFileType = file.xib; name = ResultsTableViewCell.xib; path = Screens/Results/ResultsTableViewCell.xib; sourceTree = "<group>"; };
		1F21C43F1FD03ACD00A67265 /* AppVersion.swift */ = {isa = PBXFileReference; fileEncoding = 4; lastKnownFileType = sourcecode.swift; path = AppVersion.swift; sourceTree = "<group>"; };
		1F21C4401FD03ACD00A67265 /* Coordinator.swift */ = {isa = PBXFileReference; fileEncoding = 4; lastKnownFileType = sourcecode.swift; path = Coordinator.swift; sourceTree = "<group>"; };
		1F21C4421FD03ACD00A67265 /* DocumentAnalysisHelper.swift */ = {isa = PBXFileReference; fileEncoding = 4; lastKnownFileType = sourcecode.swift; path = DocumentAnalysisHelper.swift; sourceTree = "<group>"; };
		1F21C4431FD03ACD00A67265 /* AppCoordinator.swift */ = {isa = PBXFileReference; fileEncoding = 4; lastKnownFileType = sourcecode.swift; path = AppCoordinator.swift; sourceTree = "<group>"; };
		1F21C4441FD03ACD00A67265 /* AppDelegate.swift */ = {isa = PBXFileReference; fileEncoding = 4; lastKnownFileType = sourcecode.swift; path = AppDelegate.swift; sourceTree = "<group>"; };
		1F21C44B1FD03AE100A67265 /* LaunchScreen.xib */ = {isa = PBXFileReference; fileEncoding = 4; lastKnownFileType = file.xib; name = LaunchScreen.xib; path = Screens/LaunchScreen.xib; sourceTree = "<group>"; };
		1F21C44D1FD03AE800A67265 /* Extraction.swift */ = {isa = PBXFileReference; fileEncoding = 4; lastKnownFileType = sourcecode.swift; name = Extraction.swift; path = Models/Extraction.swift; sourceTree = "<group>"; };
		1F21C44F1FD03AF300A67265 /* UIColor.swift */ = {isa = PBXFileReference; fileEncoding = 4; lastKnownFileType = sourcecode.swift; name = UIColor.swift; path = Extensions/UIColor.swift; sourceTree = "<group>"; };
		1F21C4501FD03AF400A67265 /* UINavigationController.swift */ = {isa = PBXFileReference; fileEncoding = 4; lastKnownFileType = sourcecode.swift; name = UINavigationController.swift; path = Extensions/UINavigationController.swift; sourceTree = "<group>"; };
		1F21C4511FD03AF400A67265 /* UIApplication.swift */ = {isa = PBXFileReference; fileEncoding = 4; lastKnownFileType = sourcecode.swift; name = UIApplication.swift; path = Extensions/UIApplication.swift; sourceTree = "<group>"; };
		1F21C4561FD03B0F00A67265 /* de */ = {isa = PBXFileReference; lastKnownFileType = text.plist.strings; name = de; path = Localizable/de.lproj/Localizable.strings; sourceTree = "<group>"; };
		1F286D4B1FC32BD8001C0DEF /* GiniVisionExample.entitlements */ = {isa = PBXFileReference; fileEncoding = 4; lastKnownFileType = text.plist.entitlements; path = GiniVisionExample.entitlements; sourceTree = "<group>"; };
		1F286D571FC419C1001C0DEF /* AppCoordinatorTests.swift */ = {isa = PBXFileReference; lastKnownFileType = sourcecode.swift; path = AppCoordinatorTests.swift; sourceTree = "<group>"; };
		1F286D671FC46470001C0DEF /* MainViewControllerTests.swift */ = {isa = PBXFileReference; fileEncoding = 4; lastKnownFileType = sourcecode.swift; path = MainViewControllerTests.swift; sourceTree = "<group>"; };
		1F286D961FC56F11001C0DEF /* GiniVisionExampleUnitTests.xctest */ = {isa = PBXFileReference; explicitFileType = wrapper.cfbundle; includeInIndex = 0; path = GiniVisionExampleUnitTests.xctest; sourceTree = BUILT_PRODUCTS_DIR; };
		1F286D9A1FC56F11001C0DEF /* Info.plist */ = {isa = PBXFileReference; lastKnownFileType = text.plist.xml; path = Info.plist; sourceTree = "<group>"; };
		1F482B4020F4A3FF00EED5AE /* LaunchScreenTargeted.xib */ = {isa = PBXFileReference; lastKnownFileType = file.xib; path = LaunchScreenTargeted.xib; sourceTree = "<group>"; };
		1F482B4320F50CFA00EED5AE /* Theme.swift */ = {isa = PBXFileReference; lastKnownFileType = sourcecode.swift; path = Theme.swift; sourceTree = "<group>"; };
		1F70B9751FC7028400930F35 /* DocumentServiceMock.swift */ = {isa = PBXFileReference; lastKnownFileType = sourcecode.swift; path = DocumentServiceMock.swift; sourceTree = "<group>"; };
		1FB4003720E22EBD00DEB81D /* PartialDocument.swift */ = {isa = PBXFileReference; lastKnownFileType = sourcecode.swift; path = PartialDocument.swift; sourceTree = "<group>"; };
		1FC4F4C820F4963600E48B13 /* Debug.xcconfig */ = {isa = PBXFileReference; lastKnownFileType = text.xcconfig; path = Debug.xcconfig; sourceTree = "<group>"; };
		1FC4F4CD20F4979D00E48B13 /* Targeted.xcconfig */ = {isa = PBXFileReference; lastKnownFileType = text.xcconfig; path = Targeted.xcconfig; sourceTree = "<group>"; };
		1FC4F4CF20F4984C00E48B13 /* Release.xcconfig */ = {isa = PBXFileReference; lastKnownFileType = text.xcconfig; path = Release.xcconfig; sourceTree = "<group>"; };
		377A7A32ED4EB373A3DF1B66 /* Pods-GiniVisionExampleTests.release.xcconfig */ = {isa = PBXFileReference; includeInIndex = 1; lastKnownFileType = text.xcconfig; name = "Pods-GiniVisionExampleTests.release.xcconfig"; path = "Pods/Target Support Files/Pods-GiniVisionExampleTests/Pods-GiniVisionExampleTests.release.xcconfig"; sourceTree = "<group>"; };
		3E868F2C55E96544B8689DB6 /* Pods-GiniVisionExample.postbank.xcconfig */ = {isa = PBXFileReference; includeInIndex = 1; lastKnownFileType = text.xcconfig; name = "Pods-GiniVisionExample.postbank.xcconfig"; path = "Pods/Target Support Files/Pods-GiniVisionExample/Pods-GiniVisionExample.postbank.xcconfig"; sourceTree = "<group>"; };
		452977AB14530135F9F0ECB5 /* Pods_GiniVisionExampleUnitTests.framework */ = {isa = PBXFileReference; explicitFileType = wrapper.framework; includeInIndex = 0; path = Pods_GiniVisionExampleUnitTests.framework; sourceTree = BUILT_PRODUCTS_DIR; };
		801D6225A2C015FA5F4E720D /* Pods-GiniVisionExampleUnitTests.targeted.xcconfig */ = {isa = PBXFileReference; includeInIndex = 1; lastKnownFileType = text.xcconfig; name = "Pods-GiniVisionExampleUnitTests.targeted.xcconfig"; path = "Pods/Target Support Files/Pods-GiniVisionExampleUnitTests/Pods-GiniVisionExampleUnitTests.targeted.xcconfig"; sourceTree = "<group>"; };
		8266D84939D5516C220E2BAE /* Pods-GiniVisionExampleUnitTests.postbank.xcconfig */ = {isa = PBXFileReference; includeInIndex = 1; lastKnownFileType = text.xcconfig; name = "Pods-GiniVisionExampleUnitTests.postbank.xcconfig"; path = "Pods/Target Support Files/Pods-GiniVisionExampleUnitTests/Pods-GiniVisionExampleUnitTests.postbank.xcconfig"; sourceTree = "<group>"; };
		90E4468C55A9686DC3CE9043 /* Pods-GiniVisionExample.release.xcconfig */ = {isa = PBXFileReference; includeInIndex = 1; lastKnownFileType = text.xcconfig; name = "Pods-GiniVisionExample.release.xcconfig"; path = "Pods/Target Support Files/Pods-GiniVisionExample/Pods-GiniVisionExample.release.xcconfig"; sourceTree = "<group>"; };
		B5B9397ECC95BE4E5FFB207E /* Pods_GiniVisionExample.framework */ = {isa = PBXFileReference; explicitFileType = wrapper.framework; includeInIndex = 0; path = Pods_GiniVisionExample.framework; sourceTree = BUILT_PRODUCTS_DIR; };
		E33E7A5B0412E19E3E843B3B /* Pods-GiniVisionExample.debug.xcconfig */ = {isa = PBXFileReference; includeInIndex = 1; lastKnownFileType = text.xcconfig; name = "Pods-GiniVisionExample.debug.xcconfig"; path = "Pods/Target Support Files/Pods-GiniVisionExample/Pods-GiniVisionExample.debug.xcconfig"; sourceTree = "<group>"; };
		E590AC288005124C1F903100 /* Pods-GiniVisionExampleUnitTests.debug.xcconfig */ = {isa = PBXFileReference; includeInIndex = 1; lastKnownFileType = text.xcconfig; name = "Pods-GiniVisionExampleUnitTests.debug.xcconfig"; path = "Pods/Target Support Files/Pods-GiniVisionExampleUnitTests/Pods-GiniVisionExampleUnitTests.debug.xcconfig"; sourceTree = "<group>"; };
		F418019B2536FE0C000AB71B /* en */ = {isa = PBXFileReference; lastKnownFileType = text.plist.strings; name = en; path = Localizable/en.lproj/Localizable.strings; sourceTree = "<group>"; };
/* End PBXFileReference section */

/* Begin PBXFrameworksBuildPhase section */
		1F01FD2A1FC30D7100BAA47E /* Frameworks */ = {
			isa = PBXFrameworksBuildPhase;
			buildActionMask = 2147483647;
			files = (
				FF91F54FC69C20C45CB339B7 /* Pods_GiniVisionExample.framework in Frameworks */,
			);
			runOnlyForDeploymentPostprocessing = 0;
		};
		1F286D931FC56F11001C0DEF /* Frameworks */ = {
			isa = PBXFrameworksBuildPhase;
			buildActionMask = 2147483647;
			files = (
				B7B798E90187F31CAF3CB650 /* Pods_GiniVisionExampleUnitTests.framework in Frameworks */,
			);
			runOnlyForDeploymentPostprocessing = 0;
		};
/* End PBXFrameworksBuildPhase section */

/* Begin PBXGroup section */
		1F01FD241FC30D7100BAA47E = {
			isa = PBXGroup;
			children = (
				1F01FD2F1FC30D7100BAA47E /* GiniVisionExample */,
				1F286D971FC56F11001C0DEF /* GiniVisionExampleUnitTests */,
				1F01FD2E1FC30D7100BAA47E /* Products */,
				384F1E919148AB1217972479 /* Pods */,
				6AE4C4082242EA353AB59A5E /* Frameworks */,
			);
			sourceTree = "<group>";
		};
		1F01FD2E1FC30D7100BAA47E /* Products */ = {
			isa = PBXGroup;
			children = (
				1F01FD2D1FC30D7100BAA47E /* GiniVisionExample.app */,
				1F286D961FC56F11001C0DEF /* GiniVisionExampleUnitTests.xctest */,
			);
			name = Products;
			sourceTree = "<group>";
		};
		1F01FD2F1FC30D7100BAA47E /* GiniVisionExample */ = {
			isa = PBXGroup;
			children = (
				1F21C4431FD03ACD00A67265 /* AppCoordinator.swift */,
				1F21C4441FD03ACD00A67265 /* AppDelegate.swift */,
				1F21C4401FD03ACD00A67265 /* Coordinator.swift */,
				1F482B4320F50CFA00EED5AE /* Theme.swift */,
				1F1EBD5B225BA02400C3B6EC /* Helpers */,
				1FC4F4C720F4961400E48B13 /* Config */,
				1F21C41A1FD039BB00A67265 /* Extensions */,
				1F21C43E1FD03AAE00A67265 /* Models */,
				1F21C41B1FD039C200A67265 /* Screens */,
				1F286D661FC4644A001C0DEF /* Supporting files */,
			);
			path = GiniVisionExample;
			sourceTree = "<group>";
		};
		1F1EBD5B225BA02400C3B6EC /* Helpers */ = {
			isa = PBXGroup;
			children = (
				1F21C43F1FD03ACD00A67265 /* AppVersion.swift */,
				1F21C4421FD03ACD00A67265 /* DocumentAnalysisHelper.swift */,
				1F1EBD60225BA05B00C3B6EC /* CredentialsHelper.swift */,
				1F1EBD5E225BA04700C3B6EC /* AccountingDocumentAnalysisHelper.swift */,
				1F1EBD5C225BA03A00C3B6EC /* DefaultDocumentAnalysisHelper.swift */,
			);
			name = Helpers;
			sourceTree = "<group>";
		};
		1F21C41A1FD039BB00A67265 /* Extensions */ = {
			isa = PBXGroup;
			children = (
				1F21C44D1FD03AE800A67265 /* Extraction.swift */,
				1F21C4511FD03AF400A67265 /* UIApplication.swift */,
				1F21C44F1FD03AF300A67265 /* UIColor.swift */,
				1F21C4501FD03AF400A67265 /* UINavigationController.swift */,
			);
			name = Extensions;
			sourceTree = "<group>";
		};
		1F21C41B1FD039C200A67265 /* Screens */ = {
			isa = PBXGroup;
			children = (
				1F482B4220F4EA6B00EED5AE /* Launch screens */,
				1F21C41C1FD03A8700A67265 /* ContainerNavigationController.swift */,
				1F21C4221FD03A8F00A67265 /* HelpCoordinator.swift */,
				1F21C4261FD03A8F00A67265 /* HelpTransitionAnimator.swift */,
				1F21C4251FD03A8F00A67265 /* HelpViewController.swift */,
				1F21C4241FD03A8F00A67265 /* HelpViewController.xib */,
				1F21C42C1FD03A9900A67265 /* MainViewController.swift */,
				1F21C42D1FD03A9900A67265 /* MainViewController.xib */,
				1F21C4311FD03AA200A67265 /* PDFNoResultsViewController.swift */,
				1F21C4301FD03AA200A67265 /* PDFNoResultsViewController.xib */,
				1F21C4371FD03AAB00A67265 /* ResultsTableViewCell.swift */,
				1F21C4381FD03AAB00A67265 /* ResultsTableViewCell.xib */,
				1F21C4341FD03AAB00A67265 /* ResultsViewController.swift */,
				1F21C4351FD03AAB00A67265 /* ResultsViewController.xib */,
				1F21C4361FD03AAB00A67265 /* ResultsViewModel.swift */,
				1F21C41D1FD03A8700A67265 /* RootNavigationController.swift */,
				1F21C4231FD03A8F00A67265 /* WebViewController.swift */,
			);
			name = Screens;
			sourceTree = "<group>";
		};
		1F21C43E1FD03AAE00A67265 /* Models */ = {
			isa = PBXGroup;
			children = (
				1FB4003720E22EBD00DEB81D /* PartialDocument.swift */,
			);
			name = Models;
			sourceTree = "<group>";
		};
		1F286D661FC4644A001C0DEF /* Supporting files */ = {
			isa = PBXGroup;
			children = (
				1F21C4551FD03B0F00A67265 /* Localizable.strings */,
				1F286D4B1FC32BD8001C0DEF /* GiniVisionExample.entitlements */,
				1F01FD3C1FC30D7100BAA47E /* Info.plist */,
				1F01FD371FC30D7100BAA47E /* Assets.xcassets */,
				1F21C4151FCF111700A67265 /* Keys.plist */,
			);
			name = "Supporting files";
			sourceTree = "<group>";
		};
		1F286D971FC56F11001C0DEF /* GiniVisionExampleUnitTests */ = {
			isa = PBXGroup;
			children = (
				1F286D571FC419C1001C0DEF /* AppCoordinatorTests.swift */,
				1F70B9751FC7028400930F35 /* DocumentServiceMock.swift */,
				1F1C44011FCDB09A0084B65E /* HelpCoordinatorTests.swift */,
				1F1C44021FCDB09B0084B65E /* HelpViewControllerTests.swift */,
				1F286D671FC46470001C0DEF /* MainViewControllerTests.swift */,
				1F1C43FF1FCDB09A0084B65E /* PDFNoResultsViewControllerTests.swift */,
				1F21C4111FCEB84B00A67265 /* TestUtils.swift */,
				1F1C44031FCDB09B0084B65E /* WebViewControllerTests.swift */,
				1F286DA31FC56F30001C0DEF /* Supporting files */,
			);
			path = GiniVisionExampleUnitTests;
			sourceTree = "<group>";
		};
		1F286DA31FC56F30001C0DEF /* Supporting files */ = {
			isa = PBXGroup;
			children = (
				1F1C44091FCDB0AA0084B65E /* invoice.jpg */,
				1F286D9A1FC56F11001C0DEF /* Info.plist */,
			);
			name = "Supporting files";
			sourceTree = "<group>";
		};
		1F482B4220F4EA6B00EED5AE /* Launch screens */ = {
			isa = PBXGroup;
			children = (
				1F482B4020F4A3FF00EED5AE /* LaunchScreenTargeted.xib */,
				1F21C44B1FD03AE100A67265 /* LaunchScreen.xib */,
			);
			name = "Launch screens";
			sourceTree = "<group>";
		};
		1FC4F4C720F4961400E48B13 /* Config */ = {
			isa = PBXGroup;
			children = (
				1FC4F4C820F4963600E48B13 /* Debug.xcconfig */,
				1FC4F4CD20F4979D00E48B13 /* Targeted.xcconfig */,
				1FC4F4CF20F4984C00E48B13 /* Release.xcconfig */,
			);
			name = Config;
			sourceTree = "<group>";
		};
		384F1E919148AB1217972479 /* Pods */ = {
			isa = PBXGroup;
			children = (
				E33E7A5B0412E19E3E843B3B /* Pods-GiniVisionExample.debug.xcconfig */,
				90E4468C55A9686DC3CE9043 /* Pods-GiniVisionExample.release.xcconfig */,
				0DFF35B0BC5D4D3D427DDD4C /* Pods-GiniVisionExampleTests.debug.xcconfig */,
				377A7A32ED4EB373A3DF1B66 /* Pods-GiniVisionExampleTests.release.xcconfig */,
				E590AC288005124C1F903100 /* Pods-GiniVisionExampleUnitTests.debug.xcconfig */,
				1640047E56F7420DB48CE9AC /* Pods-GiniVisionExampleUnitTests.release.xcconfig */,
				3E868F2C55E96544B8689DB6 /* Pods-GiniVisionExample.postbank.xcconfig */,
				8266D84939D5516C220E2BAE /* Pods-GiniVisionExampleUnitTests.postbank.xcconfig */,
				1D19B454AA99BE9EA268C879 /* Pods-GiniVisionExample.targeted.xcconfig */,
				801D6225A2C015FA5F4E720D /* Pods-GiniVisionExampleUnitTests.targeted.xcconfig */,
			);
			name = Pods;
			sourceTree = "<group>";
		};
		6AE4C4082242EA353AB59A5E /* Frameworks */ = {
			isa = PBXGroup;
			children = (
				B5B9397ECC95BE4E5FFB207E /* Pods_GiniVisionExample.framework */,
				095C88E7E49ACB978E51DA3A /* Pods_GiniVisionExampleTests.framework */,
				452977AB14530135F9F0ECB5 /* Pods_GiniVisionExampleUnitTests.framework */,
			);
			name = Frameworks;
			sourceTree = "<group>";
		};
/* End PBXGroup section */

/* Begin PBXNativeTarget section */
		1F01FD2C1FC30D7100BAA47E /* GiniVisionExample */ = {
			isa = PBXNativeTarget;
			buildConfigurationList = 1F01FD4A1FC30D7100BAA47E /* Build configuration list for PBXNativeTarget "GiniVisionExample" */;
			buildPhases = (
				CA1F97C4C83F3E6365BEC2C8 /* [CP] Check Pods Manifest.lock */,
				1F01FD291FC30D7100BAA47E /* Sources */,
				1F01FD2A1FC30D7100BAA47E /* Frameworks */,
				1F01FD2B1FC30D7100BAA47E /* Resources */,
				842A79022D81D6FEC44465A1 /* [CP] Embed Pods Frameworks */,
			);
			buildRules = (
			);
			dependencies = (
			);
			name = GiniVisionExample;
			productName = GiniVisionExample;
			productReference = 1F01FD2D1FC30D7100BAA47E /* GiniVisionExample.app */;
			productType = "com.apple.product-type.application";
		};
		1F286D951FC56F11001C0DEF /* GiniVisionExampleUnitTests */ = {
			isa = PBXNativeTarget;
			buildConfigurationList = 1F286D9D1FC56F11001C0DEF /* Build configuration list for PBXNativeTarget "GiniVisionExampleUnitTests" */;
			buildPhases = (
				F93AC3B6268A163BC45F9DAE /* [CP] Check Pods Manifest.lock */,
				1F286D921FC56F11001C0DEF /* Sources */,
				1F286D931FC56F11001C0DEF /* Frameworks */,
				1F286D941FC56F11001C0DEF /* Resources */,
				39376F6D7CEA83BB4B4B84D9 /* [CP] Embed Pods Frameworks */,
			);
			buildRules = (
			);
			dependencies = (
				1F286D9C1FC56F11001C0DEF /* PBXTargetDependency */,
			);
			name = GiniVisionExampleUnitTests;
			productName = GiniVisionExampleUnitTests;
			productReference = 1F286D961FC56F11001C0DEF /* GiniVisionExampleUnitTests.xctest */;
			productType = "com.apple.product-type.bundle.unit-test";
		};
/* End PBXNativeTarget section */

/* Begin PBXProject section */
		1F01FD251FC30D7100BAA47E /* Project object */ = {
			isa = PBXProject;
			attributes = {
				LastSwiftUpdateCheck = 0910;
				LastUpgradeCheck = 1100;
				ORGANIZATIONNAME = Gini;
				TargetAttributes = {
					1F01FD2C1FC30D7100BAA47E = {
						CreatedOnToolsVersion = 9.1;
						LastSwiftMigration = 1100;
						ProvisioningStyle = Automatic;
						SystemCapabilities = {
							com.apple.iCloud = {
								enabled = 1;
							};
						};
					};
					1F286D951FC56F11001C0DEF = {
						CreatedOnToolsVersion = 9.1;
						LastSwiftMigration = 1100;
						ProvisioningStyle = Automatic;
						TestTargetID = 1F01FD2C1FC30D7100BAA47E;
					};
				};
			};
			buildConfigurationList = 1F01FD281FC30D7100BAA47E /* Build configuration list for PBXProject "GiniVisionExample" */;
			compatibilityVersion = "Xcode 8.0";
			developmentRegion = en;
			hasScannedForEncodings = 0;
			knownRegions = (
				en,
				Base,
				de,
			);
			mainGroup = 1F01FD241FC30D7100BAA47E;
			productRefGroup = 1F01FD2E1FC30D7100BAA47E /* Products */;
			projectDirPath = "";
			projectRoot = "";
			targets = (
				1F01FD2C1FC30D7100BAA47E /* GiniVisionExample */,
				1F286D951FC56F11001C0DEF /* GiniVisionExampleUnitTests */,
			);
		};
/* End PBXProject section */

/* Begin PBXResourcesBuildPhase section */
		1F01FD2B1FC30D7100BAA47E /* Resources */ = {
			isa = PBXResourcesBuildPhase;
			buildActionMask = 2147483647;
			files = (
				1F01FD381FC30D7100BAA47E /* Assets.xcassets in Resources */,
				1F21C4161FCF111700A67265 /* Keys.plist in Resources */,
				1F21C4291FD03A8F00A67265 /* HelpViewController.xib in Resources */,
				1F21C43A1FD03AAB00A67265 /* ResultsViewController.xib in Resources */,
				1F21C4571FD03B0F00A67265 /* Localizable.strings in Resources */,
				1F21C44C1FD03AE100A67265 /* LaunchScreen.xib in Resources */,
				1F21C4321FD03AA200A67265 /* PDFNoResultsViewController.xib in Resources */,
				1F482B4120F4A3FF00EED5AE /* LaunchScreenTargeted.xib in Resources */,
				1F21C42F1FD03A9900A67265 /* MainViewController.xib in Resources */,
				1F21C43D1FD03AAB00A67265 /* ResultsTableViewCell.xib in Resources */,
			);
			runOnlyForDeploymentPostprocessing = 0;
		};
		1F286D941FC56F11001C0DEF /* Resources */ = {
			isa = PBXResourcesBuildPhase;
			buildActionMask = 2147483647;
			files = (
				1F1C440A1FCDB0AB0084B65E /* invoice.jpg in Resources */,
			);
			runOnlyForDeploymentPostprocessing = 0;
		};
/* End PBXResourcesBuildPhase section */

/* Begin PBXShellScriptBuildPhase section */
		39376F6D7CEA83BB4B4B84D9 /* [CP] Embed Pods Frameworks */ = {
			isa = PBXShellScriptBuildPhase;
			buildActionMask = 2147483647;
			files = (
			);
			inputPaths = (
				"${PODS_ROOT}/Target Support Files/Pods-GiniVisionExampleUnitTests/Pods-GiniVisionExampleUnitTests-frameworks.sh",
				"${BUILT_PRODUCTS_DIR}/Gini/Gini.framework",
				"${BUILT_PRODUCTS_DIR}/GiniVision/GiniVision.framework",
			);
			name = "[CP] Embed Pods Frameworks";
			outputPaths = (
				"${TARGET_BUILD_DIR}/${FRAMEWORKS_FOLDER_PATH}/Gini.framework",
				"${TARGET_BUILD_DIR}/${FRAMEWORKS_FOLDER_PATH}/GiniVision.framework",
			);
			runOnlyForDeploymentPostprocessing = 0;
			shellPath = /bin/sh;
			shellScript = "\"${PODS_ROOT}/Target Support Files/Pods-GiniVisionExampleUnitTests/Pods-GiniVisionExampleUnitTests-frameworks.sh\"\n";
			showEnvVarsInLog = 0;
		};
		842A79022D81D6FEC44465A1 /* [CP] Embed Pods Frameworks */ = {
			isa = PBXShellScriptBuildPhase;
			buildActionMask = 2147483647;
			files = (
			);
			inputPaths = (
				"${PODS_ROOT}/Target Support Files/Pods-GiniVisionExample/Pods-GiniVisionExample-frameworks.sh",
				"${BUILT_PRODUCTS_DIR}/Gini/Gini.framework",
				"${BUILT_PRODUCTS_DIR}/GiniVision/GiniVision.framework",
			);
			name = "[CP] Embed Pods Frameworks";
			outputPaths = (
				"${TARGET_BUILD_DIR}/${FRAMEWORKS_FOLDER_PATH}/Gini.framework",
				"${TARGET_BUILD_DIR}/${FRAMEWORKS_FOLDER_PATH}/GiniVision.framework",
			);
			runOnlyForDeploymentPostprocessing = 0;
			shellPath = /bin/sh;
			shellScript = "\"${PODS_ROOT}/Target Support Files/Pods-GiniVisionExample/Pods-GiniVisionExample-frameworks.sh\"\n";
			showEnvVarsInLog = 0;
		};
		CA1F97C4C83F3E6365BEC2C8 /* [CP] Check Pods Manifest.lock */ = {
			isa = PBXShellScriptBuildPhase;
			buildActionMask = 2147483647;
			files = (
			);
			inputPaths = (
				"${PODS_PODFILE_DIR_PATH}/Podfile.lock",
				"${PODS_ROOT}/Manifest.lock",
			);
			name = "[CP] Check Pods Manifest.lock";
			outputPaths = (
				"$(DERIVED_FILE_DIR)/Pods-GiniVisionExample-checkManifestLockResult.txt",
			);
			runOnlyForDeploymentPostprocessing = 0;
			shellPath = /bin/sh;
			shellScript = "diff \"${PODS_PODFILE_DIR_PATH}/Podfile.lock\" \"${PODS_ROOT}/Manifest.lock\" > /dev/null\nif [ $? != 0 ] ; then\n    # print error to STDERR\n    echo \"error: The sandbox is not in sync with the Podfile.lock. Run 'pod install' or update your CocoaPods installation.\" >&2\n    exit 1\nfi\n# This output is used by Xcode 'outputs' to avoid re-running this script phase.\necho \"SUCCESS\" > \"${SCRIPT_OUTPUT_FILE_0}\"\n";
			showEnvVarsInLog = 0;
		};
		F93AC3B6268A163BC45F9DAE /* [CP] Check Pods Manifest.lock */ = {
			isa = PBXShellScriptBuildPhase;
			buildActionMask = 2147483647;
			files = (
			);
			inputPaths = (
				"${PODS_PODFILE_DIR_PATH}/Podfile.lock",
				"${PODS_ROOT}/Manifest.lock",
			);
			name = "[CP] Check Pods Manifest.lock";
			outputPaths = (
				"$(DERIVED_FILE_DIR)/Pods-GiniVisionExampleUnitTests-checkManifestLockResult.txt",
			);
			runOnlyForDeploymentPostprocessing = 0;
			shellPath = /bin/sh;
			shellScript = "diff \"${PODS_PODFILE_DIR_PATH}/Podfile.lock\" \"${PODS_ROOT}/Manifest.lock\" > /dev/null\nif [ $? != 0 ] ; then\n    # print error to STDERR\n    echo \"error: The sandbox is not in sync with the Podfile.lock. Run 'pod install' or update your CocoaPods installation.\" >&2\n    exit 1\nfi\n# This output is used by Xcode 'outputs' to avoid re-running this script phase.\necho \"SUCCESS\" > \"${SCRIPT_OUTPUT_FILE_0}\"\n";
			showEnvVarsInLog = 0;
		};
/* End PBXShellScriptBuildPhase section */

/* Begin PBXSourcesBuildPhase section */
		1F01FD291FC30D7100BAA47E /* Sources */ = {
			isa = PBXSourcesBuildPhase;
			buildActionMask = 2147483647;
			files = (
				1F21C4531FD03AF400A67265 /* UINavigationController.swift in Sources */,
				1F1EBD61225BA05B00C3B6EC /* CredentialsHelper.swift in Sources */,
				1F21C4331FD03AA200A67265 /* PDFNoResultsViewController.swift in Sources */,
				1F482B4420F50CFA00EED5AE /* Theme.swift in Sources */,
				1F21C43C1FD03AAB00A67265 /* ResultsTableViewCell.swift in Sources */,
				1F21C42A1FD03A8F00A67265 /* HelpViewController.swift in Sources */,
				1F21C4491FD03ACD00A67265 /* AppCoordinator.swift in Sources */,
				1F21C4391FD03AAB00A67265 /* ResultsViewController.swift in Sources */,
				1F21C4451FD03ACD00A67265 /* AppVersion.swift in Sources */,
				1F21C4461FD03ACD00A67265 /* Coordinator.swift in Sources */,
				1F1EBD5F225BA04700C3B6EC /* AccountingDocumentAnalysisHelper.swift in Sources */,
				1F21C4521FD03AF400A67265 /* UIColor.swift in Sources */,
				1F21C4271FD03A8F00A67265 /* HelpCoordinator.swift in Sources */,
				1F21C4481FD03ACD00A67265 /* DocumentAnalysisHelper.swift in Sources */,
				1F21C44E1FD03AE800A67265 /* Extraction.swift in Sources */,
				1F1EBD5D225BA03A00C3B6EC /* DefaultDocumentAnalysisHelper.swift in Sources */,
				1F21C42B1FD03A8F00A67265 /* HelpTransitionAnimator.swift in Sources */,
				1F21C41F1FD03A8700A67265 /* ContainerNavigationController.swift in Sources */,
				1F21C4541FD03AF400A67265 /* UIApplication.swift in Sources */,
				1F21C4281FD03A8F00A67265 /* WebViewController.swift in Sources */,
				1F21C4201FD03A8700A67265 /* RootNavigationController.swift in Sources */,
				1F21C43B1FD03AAB00A67265 /* ResultsViewModel.swift in Sources */,
				1F21C44A1FD03ACD00A67265 /* AppDelegate.swift in Sources */,
				1FB4003820E22EBD00DEB81D /* PartialDocument.swift in Sources */,
				1F21C42E1FD03A9900A67265 /* MainViewController.swift in Sources */,
			);
			runOnlyForDeploymentPostprocessing = 0;
		};
		1F286D921FC56F11001C0DEF /* Sources */ = {
			isa = PBXSourcesBuildPhase;
			buildActionMask = 2147483647;
			files = (
				1F1C44071FCDB09B0084B65E /* HelpViewControllerTests.swift in Sources */,
				1F21C4121FCEB84B00A67265 /* TestUtils.swift in Sources */,
				1F286DA01FC56F17001C0DEF /* AppCoordinatorTests.swift in Sources */,
				1F1C44061FCDB09B0084B65E /* HelpCoordinatorTests.swift in Sources */,
				1F1C44041FCDB09B0084B65E /* PDFNoResultsViewControllerTests.swift in Sources */,
				1F286DA11FC56F17001C0DEF /* MainViewControllerTests.swift in Sources */,
				1F1C44081FCDB09B0084B65E /* WebViewControllerTests.swift in Sources */,
				1F70B9761FC7028400930F35 /* DocumentServiceMock.swift in Sources */,
			);
			runOnlyForDeploymentPostprocessing = 0;
		};
/* End PBXSourcesBuildPhase section */

/* Begin PBXTargetDependency section */
		1F286D9C1FC56F11001C0DEF /* PBXTargetDependency */ = {
			isa = PBXTargetDependency;
			target = 1F01FD2C1FC30D7100BAA47E /* GiniVisionExample */;
			targetProxy = 1F286D9B1FC56F11001C0DEF /* PBXContainerItemProxy */;
		};
/* End PBXTargetDependency section */

/* Begin PBXVariantGroup section */
		1F21C4551FD03B0F00A67265 /* Localizable.strings */ = {
			isa = PBXVariantGroup;
			children = (
				1F21C4561FD03B0F00A67265 /* de */,
				F418019B2536FE0C000AB71B /* en */,
			);
			name = Localizable.strings;
			sourceTree = "<group>";
		};
/* End PBXVariantGroup section */

/* Begin XCBuildConfiguration section */
		1F01FD481FC30D7100BAA47E /* Debug */ = {
			isa = XCBuildConfiguration;
			buildSettings = {
				ALWAYS_SEARCH_USER_PATHS = NO;
				CLANG_ANALYZER_LOCALIZABILITY_NONLOCALIZED = YES;
				CLANG_ANALYZER_NONNULL = YES;
				CLANG_ANALYZER_NUMBER_OBJECT_CONVERSION = YES_AGGRESSIVE;
				CLANG_CXX_LANGUAGE_STANDARD = "gnu++14";
				CLANG_CXX_LIBRARY = "libc++";
				CLANG_ENABLE_MODULES = YES;
				CLANG_ENABLE_OBJC_ARC = YES;
				CLANG_WARN_BLOCK_CAPTURE_AUTORELEASING = YES;
				CLANG_WARN_BOOL_CONVERSION = YES;
				CLANG_WARN_COMMA = YES;
				CLANG_WARN_CONSTANT_CONVERSION = YES;
				CLANG_WARN_DEPRECATED_OBJC_IMPLEMENTATIONS = YES;
				CLANG_WARN_DIRECT_OBJC_ISA_USAGE = YES_ERROR;
				CLANG_WARN_DOCUMENTATION_COMMENTS = YES;
				CLANG_WARN_EMPTY_BODY = YES;
				CLANG_WARN_ENUM_CONVERSION = YES;
				CLANG_WARN_INFINITE_RECURSION = YES;
				CLANG_WARN_INT_CONVERSION = YES;
				CLANG_WARN_NON_LITERAL_NULL_CONVERSION = YES;
				CLANG_WARN_OBJC_IMPLICIT_RETAIN_SELF = YES;
				CLANG_WARN_OBJC_LITERAL_CONVERSION = YES;
				CLANG_WARN_OBJC_ROOT_CLASS = YES_ERROR;
				CLANG_WARN_RANGE_LOOP_ANALYSIS = YES;
				CLANG_WARN_STRICT_PROTOTYPES = YES;
				CLANG_WARN_SUSPICIOUS_MOVE = YES;
				CLANG_WARN_UNGUARDED_AVAILABILITY = YES_AGGRESSIVE;
				CLANG_WARN_UNREACHABLE_CODE = YES;
				CLANG_WARN__DUPLICATE_METHOD_MATCH = YES;
				CODE_SIGN_IDENTITY = "iPhone Developer";
				COPY_PHASE_STRIP = NO;
				DEBUG_INFORMATION_FORMAT = dwarf;
				ENABLE_BITCODE = NO;
				ENABLE_STRICT_OBJC_MSGSEND = YES;
				ENABLE_TESTABILITY = YES;
				GCC_C_LANGUAGE_STANDARD = gnu11;
				GCC_DYNAMIC_NO_PIC = NO;
				GCC_NO_COMMON_BLOCKS = YES;
				GCC_OPTIMIZATION_LEVEL = 0;
				GCC_PREPROCESSOR_DEFINITIONS = (
					"DEBUG=1",
					"$(inherited)",
				);
				GCC_WARN_64_TO_32_BIT_CONVERSION = YES;
				GCC_WARN_ABOUT_RETURN_TYPE = YES_ERROR;
				GCC_WARN_UNDECLARED_SELECTOR = YES;
				GCC_WARN_UNINITIALIZED_AUTOS = YES_AGGRESSIVE;
				GCC_WARN_UNUSED_FUNCTION = YES;
				GCC_WARN_UNUSED_VARIABLE = YES;
				IPHONEOS_DEPLOYMENT_TARGET = 11.1;
				MTL_ENABLE_DEBUG_INFO = YES;
				ONLY_ACTIVE_ARCH = YES;
				SDKROOT = iphoneos;
				SWIFT_ACTIVE_COMPILATION_CONDITIONS = DEBUG;
				SWIFT_OPTIMIZATION_LEVEL = "-Onone";
			};
			name = Debug;
		};
		1F01FD491FC30D7100BAA47E /* Release */ = {
			isa = XCBuildConfiguration;
			buildSettings = {
				ALWAYS_SEARCH_USER_PATHS = NO;
				CLANG_ANALYZER_LOCALIZABILITY_NONLOCALIZED = YES;
				CLANG_ANALYZER_NONNULL = YES;
				CLANG_ANALYZER_NUMBER_OBJECT_CONVERSION = YES_AGGRESSIVE;
				CLANG_CXX_LANGUAGE_STANDARD = "gnu++14";
				CLANG_CXX_LIBRARY = "libc++";
				CLANG_ENABLE_MODULES = YES;
				CLANG_ENABLE_OBJC_ARC = YES;
				CLANG_WARN_BLOCK_CAPTURE_AUTORELEASING = YES;
				CLANG_WARN_BOOL_CONVERSION = YES;
				CLANG_WARN_COMMA = YES;
				CLANG_WARN_CONSTANT_CONVERSION = YES;
				CLANG_WARN_DEPRECATED_OBJC_IMPLEMENTATIONS = YES;
				CLANG_WARN_DIRECT_OBJC_ISA_USAGE = YES_ERROR;
				CLANG_WARN_DOCUMENTATION_COMMENTS = YES;
				CLANG_WARN_EMPTY_BODY = YES;
				CLANG_WARN_ENUM_CONVERSION = YES;
				CLANG_WARN_INFINITE_RECURSION = YES;
				CLANG_WARN_INT_CONVERSION = YES;
				CLANG_WARN_NON_LITERAL_NULL_CONVERSION = YES;
				CLANG_WARN_OBJC_IMPLICIT_RETAIN_SELF = YES;
				CLANG_WARN_OBJC_LITERAL_CONVERSION = YES;
				CLANG_WARN_OBJC_ROOT_CLASS = YES_ERROR;
				CLANG_WARN_RANGE_LOOP_ANALYSIS = YES;
				CLANG_WARN_STRICT_PROTOTYPES = YES;
				CLANG_WARN_SUSPICIOUS_MOVE = YES;
				CLANG_WARN_UNGUARDED_AVAILABILITY = YES_AGGRESSIVE;
				CLANG_WARN_UNREACHABLE_CODE = YES;
				CLANG_WARN__DUPLICATE_METHOD_MATCH = YES;
				CODE_SIGN_IDENTITY = "iPhone Developer";
				COPY_PHASE_STRIP = NO;
				DEBUG_INFORMATION_FORMAT = "dwarf-with-dsym";
				ENABLE_BITCODE = NO;
				ENABLE_NS_ASSERTIONS = NO;
				ENABLE_STRICT_OBJC_MSGSEND = YES;
				GCC_C_LANGUAGE_STANDARD = gnu11;
				GCC_NO_COMMON_BLOCKS = YES;
				GCC_WARN_64_TO_32_BIT_CONVERSION = YES;
				GCC_WARN_ABOUT_RETURN_TYPE = YES_ERROR;
				GCC_WARN_UNDECLARED_SELECTOR = YES;
				GCC_WARN_UNINITIALIZED_AUTOS = YES_AGGRESSIVE;
				GCC_WARN_UNUSED_FUNCTION = YES;
				GCC_WARN_UNUSED_VARIABLE = YES;
				IPHONEOS_DEPLOYMENT_TARGET = 11.1;
				MTL_ENABLE_DEBUG_INFO = NO;
				SDKROOT = iphoneos;
				SWIFT_OPTIMIZATION_LEVEL = "-Owholemodule";
				VALIDATE_PRODUCT = YES;
			};
			name = Release;
		};
		1F01FD4B1FC30D7100BAA47E /* Debug */ = {
			isa = XCBuildConfiguration;
			baseConfigurationReference = 1FC4F4C820F4963600E48B13 /* Debug.xcconfig */;
			buildSettings = {
				ASSETCATALOG_COMPILER_APPICON_NAME = "$(GSE_APP_ICON_NAME)";
				CLANG_ENABLE_MODULES = YES;
				CODE_SIGN_ENTITLEMENTS = GiniVisionExample/GiniVisionExample.entitlements;
				CODE_SIGN_STYLE = Automatic;
				CURRENT_PROJECT_VERSION = 0;
				DEVELOPMENT_TEAM = BQY9KX4V88;
				INFOPLIST_FILE = GiniVisionExample/Info.plist;
				IPHONEOS_DEPLOYMENT_TARGET = 10.0;
				LD_RUNPATH_SEARCH_PATHS = "$(inherited) @executable_path/Frameworks";
				MARKETING_VERSION = 1.7.4;
				PRODUCT_BUNDLE_IDENTIFIER = "$(GSE_APP_BUNDLE_IDENTIFIER)";
				PRODUCT_NAME = "$(TARGET_NAME)";
				SWIFT_INSTALL_OBJC_HEADER = NO;
				SWIFT_OPTIMIZATION_LEVEL = "-Onone";
				SWIFT_PRECOMPILE_BRIDGING_HEADER = NO;
				SWIFT_SWIFT3_OBJC_INFERENCE = Default;
				SWIFT_VERSION = 5.0;
				TARGETED_DEVICE_FAMILY = "1,2";
			};
			name = Debug;
		};
		1F01FD4C1FC30D7100BAA47E /* Release */ = {
			isa = XCBuildConfiguration;
			baseConfigurationReference = 1FC4F4CF20F4984C00E48B13 /* Release.xcconfig */;
			buildSettings = {
				ASSETCATALOG_COMPILER_APPICON_NAME = "$(GSE_APP_ICON_NAME)";
				CLANG_ENABLE_MODULES = YES;
				CODE_SIGN_ENTITLEMENTS = GiniVisionExample/GiniVisionExample.entitlements;
				CODE_SIGN_IDENTITY = "iPhone Distribution";
				CODE_SIGN_STYLE = Manual;
				CURRENT_PROJECT_VERSION = 0;
				DEVELOPMENT_TEAM = BQY9KX4V88;
				ENABLE_TESTABILITY = YES;
				INFOPLIST_FILE = GiniVisionExample/Info.plist;
				IPHONEOS_DEPLOYMENT_TARGET = 10.0;
				LD_RUNPATH_SEARCH_PATHS = "$(inherited) @executable_path/Frameworks";
				MARKETING_VERSION = 1.7.4;
				PRODUCT_BUNDLE_IDENTIFIER = "$(GSE_APP_BUNDLE_IDENTIFIER)";
				PRODUCT_NAME = "$(TARGET_NAME)";
				PROVISIONING_PROFILE_SPECIFIER = "Gini-In-House-Showcase-Release-Manual";
				SWIFT_INSTALL_OBJC_HEADER = NO;
				SWIFT_PRECOMPILE_BRIDGING_HEADER = NO;
				SWIFT_SWIFT3_OBJC_INFERENCE = Default;
				SWIFT_VERSION = 5.0;
				TARGETED_DEVICE_FAMILY = "1,2";
			};
			name = Release;
		};
		1F286D9E1FC56F11001C0DEF /* Debug */ = {
			isa = XCBuildConfiguration;
			baseConfigurationReference = 1FC4F4C820F4963600E48B13 /* Debug.xcconfig */;
			buildSettings = {
				ALWAYS_EMBED_SWIFT_STANDARD_LIBRARIES = "$(inherited)";
				BUNDLE_LOADER = "$(TEST_HOST)";
				CODE_SIGN_STYLE = Automatic;
				DEVELOPMENT_TEAM = BQY9KX4V88;
				INFOPLIST_FILE = GiniVisionExampleUnitTests/Info.plist;
				LD_RUNPATH_SEARCH_PATHS = "$(inherited) @executable_path/Frameworks @loader_path/Frameworks";
				PRODUCT_BUNDLE_IDENTIFIER = net.gini.ios.vision.showcase.GiniVisionExampleUnitTests;
				PRODUCT_NAME = "$(TARGET_NAME)";
				SWIFT_SWIFT3_OBJC_INFERENCE = Default;
				SWIFT_VERSION = 5.0;
				TARGETED_DEVICE_FAMILY = "1,2";
				TEST_HOST = "$(BUILT_PRODUCTS_DIR)/GiniVisionExample.app/GiniVisionExample";
			};
			name = Debug;
		};
		1F286D9F1FC56F11001C0DEF /* Release */ = {
			isa = XCBuildConfiguration;
			baseConfigurationReference = 1FC4F4CF20F4984C00E48B13 /* Release.xcconfig */;
			buildSettings = {
				ALWAYS_EMBED_SWIFT_STANDARD_LIBRARIES = "$(inherited)";
				BUNDLE_LOADER = "$(TEST_HOST)";
				CODE_SIGN_STYLE = Automatic;
				DEVELOPMENT_TEAM = BQY9KX4V88;
				INFOPLIST_FILE = GiniVisionExampleUnitTests/Info.plist;
				LD_RUNPATH_SEARCH_PATHS = "$(inherited) @executable_path/Frameworks @loader_path/Frameworks";
				PRODUCT_BUNDLE_IDENTIFIER = net.gini.ios.vision.showcase.GiniVisionExampleUnitTests;
				PRODUCT_NAME = "$(TARGET_NAME)";
				SWIFT_SWIFT3_OBJC_INFERENCE = Default;
				SWIFT_VERSION = 5.0;
				TARGETED_DEVICE_FAMILY = "1,2";
				TEST_HOST = "$(BUILT_PRODUCTS_DIR)/GiniVisionExample.app/GiniVisionExample";
			};
			name = Release;
		};
		1FC4F4CA20F4974F00E48B13 /* Targeted */ = {
			isa = XCBuildConfiguration;
			buildSettings = {
				ALWAYS_SEARCH_USER_PATHS = NO;
				CLANG_ANALYZER_LOCALIZABILITY_NONLOCALIZED = YES;
				CLANG_ANALYZER_NONNULL = YES;
				CLANG_ANALYZER_NUMBER_OBJECT_CONVERSION = YES_AGGRESSIVE;
				CLANG_CXX_LANGUAGE_STANDARD = "gnu++14";
				CLANG_CXX_LIBRARY = "libc++";
				CLANG_ENABLE_MODULES = YES;
				CLANG_ENABLE_OBJC_ARC = YES;
				CLANG_WARN_BLOCK_CAPTURE_AUTORELEASING = YES;
				CLANG_WARN_BOOL_CONVERSION = YES;
				CLANG_WARN_COMMA = YES;
				CLANG_WARN_CONSTANT_CONVERSION = YES;
				CLANG_WARN_DEPRECATED_OBJC_IMPLEMENTATIONS = YES;
				CLANG_WARN_DIRECT_OBJC_ISA_USAGE = YES_ERROR;
				CLANG_WARN_DOCUMENTATION_COMMENTS = YES;
				CLANG_WARN_EMPTY_BODY = YES;
				CLANG_WARN_ENUM_CONVERSION = YES;
				CLANG_WARN_INFINITE_RECURSION = YES;
				CLANG_WARN_INT_CONVERSION = YES;
				CLANG_WARN_NON_LITERAL_NULL_CONVERSION = YES;
				CLANG_WARN_OBJC_IMPLICIT_RETAIN_SELF = YES;
				CLANG_WARN_OBJC_LITERAL_CONVERSION = YES;
				CLANG_WARN_OBJC_ROOT_CLASS = YES_ERROR;
				CLANG_WARN_RANGE_LOOP_ANALYSIS = YES;
				CLANG_WARN_STRICT_PROTOTYPES = YES;
				CLANG_WARN_SUSPICIOUS_MOVE = YES;
				CLANG_WARN_UNGUARDED_AVAILABILITY = YES_AGGRESSIVE;
				CLANG_WARN_UNREACHABLE_CODE = YES;
				CLANG_WARN__DUPLICATE_METHOD_MATCH = YES;
				CODE_SIGN_IDENTITY = "iPhone Developer";
				COPY_PHASE_STRIP = NO;
				DEBUG_INFORMATION_FORMAT = dwarf;
				ENABLE_BITCODE = NO;
				ENABLE_STRICT_OBJC_MSGSEND = YES;
				ENABLE_TESTABILITY = YES;
				GCC_C_LANGUAGE_STANDARD = gnu11;
				GCC_DYNAMIC_NO_PIC = NO;
				GCC_NO_COMMON_BLOCKS = YES;
				GCC_OPTIMIZATION_LEVEL = 0;
				GCC_PREPROCESSOR_DEFINITIONS = (
					"DEBUG=1",
					"$(inherited)",
				);
				GCC_WARN_64_TO_32_BIT_CONVERSION = YES;
				GCC_WARN_ABOUT_RETURN_TYPE = YES_ERROR;
				GCC_WARN_UNDECLARED_SELECTOR = YES;
				GCC_WARN_UNINITIALIZED_AUTOS = YES_AGGRESSIVE;
				GCC_WARN_UNUSED_FUNCTION = YES;
				GCC_WARN_UNUSED_VARIABLE = YES;
				IPHONEOS_DEPLOYMENT_TARGET = 11.1;
				MTL_ENABLE_DEBUG_INFO = YES;
				ONLY_ACTIVE_ARCH = YES;
				SDKROOT = iphoneos;
				SWIFT_ACTIVE_COMPILATION_CONDITIONS = DEBUG;
				SWIFT_OPTIMIZATION_LEVEL = "-Onone";
			};
			name = Targeted;
		};
		1FC4F4CB20F4974F00E48B13 /* Targeted */ = {
			isa = XCBuildConfiguration;
			baseConfigurationReference = 1FC4F4CD20F4979D00E48B13 /* Targeted.xcconfig */;
			buildSettings = {
				ASSETCATALOG_COMPILER_APPICON_NAME = "$(GSE_APP_ICON_NAME)";
				CLANG_ENABLE_MODULES = YES;
				CODE_SIGN_ENTITLEMENTS = GiniVisionExample/GiniVisionExample.entitlements;
				CODE_SIGN_STYLE = Automatic;
				CURRENT_PROJECT_VERSION = 0;
				DEVELOPMENT_TEAM = BQY9KX4V88;
				INFOPLIST_FILE = GiniVisionExample/Info.plist;
				IPHONEOS_DEPLOYMENT_TARGET = 10.0;
				LD_RUNPATH_SEARCH_PATHS = "$(inherited) @executable_path/Frameworks";
				MARKETING_VERSION = 1.7.4;
				PRODUCT_BUNDLE_IDENTIFIER = "$(GSE_APP_BUNDLE_IDENTIFIER)";
				PRODUCT_NAME = "$(TARGET_NAME)";
				SWIFT_INSTALL_OBJC_HEADER = NO;
				SWIFT_OPTIMIZATION_LEVEL = "-Onone";
				SWIFT_PRECOMPILE_BRIDGING_HEADER = NO;
				SWIFT_SWIFT3_OBJC_INFERENCE = Default;
				SWIFT_VERSION = 5.0;
				TARGETED_DEVICE_FAMILY = "1,2";
			};
			name = Targeted;
		};
		1FC4F4CC20F4974F00E48B13 /* Targeted */ = {
			isa = XCBuildConfiguration;
			baseConfigurationReference = 1FC4F4CD20F4979D00E48B13 /* Targeted.xcconfig */;
			buildSettings = {
				ALWAYS_EMBED_SWIFT_STANDARD_LIBRARIES = "$(inherited)";
				BUNDLE_LOADER = "$(TEST_HOST)";
				CODE_SIGN_STYLE = Automatic;
				DEVELOPMENT_TEAM = BQY9KX4V88;
				INFOPLIST_FILE = GiniVisionExampleUnitTests/Info.plist;
				LD_RUNPATH_SEARCH_PATHS = "$(inherited) @executable_path/Frameworks @loader_path/Frameworks";
				PRODUCT_BUNDLE_IDENTIFIER = net.gini.ios.vision.showcase.GiniVisionExampleUnitTests;
				PRODUCT_NAME = "$(TARGET_NAME)";
				SWIFT_SWIFT3_OBJC_INFERENCE = Default;
				SWIFT_VERSION = 5.0;
				TARGETED_DEVICE_FAMILY = "1,2";
				TEST_HOST = "$(BUILT_PRODUCTS_DIR)/GiniVisionExample.app/GiniVisionExample";
			};
			name = Targeted;
		};
/* End XCBuildConfiguration section */

/* Begin XCConfigurationList section */
		1F01FD281FC30D7100BAA47E /* Build configuration list for PBXProject "GiniVisionExample" */ = {
			isa = XCConfigurationList;
			buildConfigurations = (
				1F01FD481FC30D7100BAA47E /* Debug */,
				1FC4F4CA20F4974F00E48B13 /* Targeted */,
				1F01FD491FC30D7100BAA47E /* Release */,
			);
			defaultConfigurationIsVisible = 0;
			defaultConfigurationName = Release;
		};
		1F01FD4A1FC30D7100BAA47E /* Build configuration list for PBXNativeTarget "GiniVisionExample" */ = {
			isa = XCConfigurationList;
			buildConfigurations = (
				1F01FD4B1FC30D7100BAA47E /* Debug */,
				1FC4F4CB20F4974F00E48B13 /* Targeted */,
				1F01FD4C1FC30D7100BAA47E /* Release */,
			);
			defaultConfigurationIsVisible = 0;
			defaultConfigurationName = Release;
		};
		1F286D9D1FC56F11001C0DEF /* Build configuration list for PBXNativeTarget "GiniVisionExampleUnitTests" */ = {
			isa = XCConfigurationList;
			buildConfigurations = (
				1F286D9E1FC56F11001C0DEF /* Debug */,
				1FC4F4CC20F4974F00E48B13 /* Targeted */,
				1F286D9F1FC56F11001C0DEF /* Release */,
			);
			defaultConfigurationIsVisible = 0;
			defaultConfigurationName = Release;
		};
/* End XCConfigurationList section */
	};
	rootObject = 1F01FD251FC30D7100BAA47E /* Project object */;
}
