PODS:
  - Gini/Core (0.0.1)
  - Gini/Documents (0.0.1):
    - Gini/Core
  - GiniVision (4.8.0):
    - GiniVision/Core (= 4.8.0)
  - GiniVision/Core (4.8.0)

DEPENDENCIES:
  - Gini/Documents (from `../../gini-ios/`)
  - GiniVision

SPEC REPOS:
  https://github.com/gini/gini-podspecs.git:
    - GiniVision

EXTERNAL SOURCES:
  Gini:
    :path: "../../gini-ios/"

SPEC CHECKSUMS:
  Gini: 3be12fdba1163a1390c6f25a5a6fc4d3229acf9e
  GiniVision: ded3376935ee65bbd298a405cd5cfa87c319d410

PODFILE CHECKSUM: 8c3e2c32e9710b45bee72bb65090f457e27afc0b

COCOAPODS: 1.6.1
